{
  "version": 4,
  "terraform_version": "1.10.3",
  "serial": 1005,
  "lineage": "364a7f5e-416a-0e86-6c1a-61b472f1f325",
  "outputs": {
    "instance_tags": {
      "value": {
        "i-02ae562ce960c53c2": {
          "Name": "test2"
        },
        "i-03776b981af596d8a": {
          "Name": "window1"
        },
        "i-07d802946a1671188": {
          "Name": "window2"
        },
        "i-0959178f0dc53c0e8": {
          "Name": "test1"
        }
      },
      "type": [
        "object",
        {
          "i-02ae562ce960c53c2": [
            "map",
            "string"
          ],
          "i-03776b981af596d8a": [
            "map",
            "string"
          ],
          "i-07d802946a1671188": [
            "map",
            "string"
          ],
          "i-0959178f0dc53c0e8": [
            "map",
            "string"
          ]
        }
      ]
    }
  },
  "resources": [
    {
      "mode": "data",
      "type": "aws_instance",
      "name": "selected",
      "provider": "provider[\"registry.terraform.io/hashicorp/aws\"]",
      "instances": [
        {
          "index_key": "i-02ae562ce960c53c2",
          "schema_version": 0,
          "attributes": {
            "ami": "ami-0af9569868786b23a",
            "arn": "arn:aws:ec2:ap-south-1:357820945061:instance/i-02ae562ce960c53c2",
            "associate_public_ip_address": true,
            "availability_zone": "ap-south-1b",
            "credit_specification": [
              {
                "cpu_credits": "standard"
              }
            ],
            "disable_api_stop": false,
            "disable_api_termination": false,
            "ebs_block_device": [],
            "ebs_optimized": false,
            "enclave_options": [
              {
                "enabled": false
              }
            ],
            "ephemeral_block_device": [],
            "filter": null,
            "get_password_data": false,
            "get_user_data": false,
            "host_id": "",
            "host_resource_group_arn": "",
            "iam_instance_profile": "CloudWatchInstanceProfile",
            "id": "i-02ae562ce960c53c2",
            "instance_id": "i-02ae562ce960c53c2",
            "instance_state": "running",
            "instance_tags": null,
            "instance_type": "t2.micro",
            "ipv6_addresses": [],
            "key_name": "newkeypair",
            "launch_time": "2025-05-14T09:44:38Z",
            "maintenance_options": [
              {
                "auto_recovery": "default"
              }
            ],
            "metadata_options": [
              {
                "http_endpoint": "enabled",
                "http_protocol_ipv6": "disabled",
                "http_put_response_hop_limit": 2,
                "http_tokens": "required",
                "instance_metadata_tags": "disabled"
              }
            ],
            "monitoring": false,
            "network_interface_id": "eni-0a7a1996c849d9da2",
            "outpost_arn": "",
            "password_data": null,
            "placement_group": "",
            "placement_partition_number": 0,
            "private_dns": "ip-172-31-11-203.ap-south-1.compute.internal",
            "private_dns_name_options": [
              {
                "enable_resource_name_dns_a_record": true,
                "enable_resource_name_dns_aaaa_record": false,
                "hostname_type": "ip-name"
              }
            ],
            "private_ip": "172.31.11.203",
            "public_dns": "ec2-3-110-175-226.ap-south-1.compute.amazonaws.com",
            "public_ip": "3.110.175.226",
            "root_block_device": [
              {
                "delete_on_termination": true,
                "device_name": "/dev/xvda",
                "encrypted": false,
                "iops": 3000,
                "kms_key_id": "",
                "tags": {},
                "throughput": 125,
                "volume_id": "vol-0788e6b65c1bebe31",
                "volume_size": 8,
                "volume_type": "gp3"
              }
            ],
            "secondary_private_ips": [],
            "security_groups": [
              "launch-wizard-13"
            ],
            "source_dest_check": true,
            "subnet_id": "subnet-0fdecb2e83bcc1d78",
            "tags": {
              "Name": "test2"
            },
            "tenancy": "default",
            "timeouts": null,
            "user_data": null,
            "user_data_base64": null,
            "vpc_security_group_ids": [
              "sg-098d0098fcd72dbce"
            ]
          },
          "sensitive_attributes": []
        },
        {
          "index_key": "i-03776b981af596d8a",
          "schema_version": 0,
          "attributes": {
            "ami": "ami-052c0058cd97bbaff",
            "arn": "arn:aws:ec2:ap-south-1:357820945061:instance/i-03776b981af596d8a",
            "associate_public_ip_address": true,
            "availability_zone": "ap-south-1b",
            "credit_specification": [
              {
                "cpu_credits": "unlimited"
              }
            ],
            "disable_api_stop": false,
            "disable_api_termination": false,
            "ebs_block_device": [],
            "ebs_optimized": true,
            "enclave_options": [
              {
                "enabled": false
              }
            ],
            "ephemeral_block_device": [],
            "filter": null,
            "get_password_data": false,
            "get_user_data": false,
            "host_id": "",
            "host_resource_group_arn": "",
            "iam_instance_profile": "CloudWatchInstanceProfile",
            "id": "i-03776b981af596d8a",
            "instance_id": "i-03776b981af596d8a",
            "instance_state": "running",
            "instance_tags": null,
            "instance_type": "t3.micro",
            "ipv6_addresses": [],
            "key_name": "mumbai",
            "launch_time": "2025-05-14T09:43:04Z",
            "maintenance_options": [
              {
                "auto_recovery": "default"
              }
            ],
            "metadata_options": [
              {
                "http_endpoint": "enabled",
                "http_protocol_ipv6": "disabled",
                "http_put_response_hop_limit": 2,
                "http_tokens": "required",
                "instance_metadata_tags": "disabled"
              }
            ],
            "monitoring": false,
            "network_interface_id": "eni-03d38cc4debac33b6",
            "outpost_arn": "",
            "password_data": null,
            "placement_group": "",
            "placement_partition_number": 0,
            "private_dns": "ip-172-31-2-240.ap-south-1.compute.internal",
            "private_dns_name_options": [
              {
                "enable_resource_name_dns_a_record": true,
                "enable_resource_name_dns_aaaa_record": false,
                "hostname_type": "ip-name"
              }
            ],
            "private_ip": "172.31.2.240",
            "public_dns": "ec2-65-1-91-31.ap-south-1.compute.amazonaws.com",
            "public_ip": "65.1.91.31",
            "root_block_device": [
              {
                "delete_on_termination": true,
                "device_name": "/dev/sda1",
                "encrypted": false,
                "iops": 3000,
                "kms_key_id": "",
                "tags": {},
                "throughput": 125,
                "volume_id": "vol-0d350dc19f473ad27",
                "volume_size": 30,
                "volume_type": "gp3"
              }
            ],
            "secondary_private_ips": [],
            "security_groups": [
              "launch-wizard-12"
            ],
            "source_dest_check": true,
            "subnet_id": "subnet-0fdecb2e83bcc1d78",
            "tags": {
              "Name": "window1"
            },
            "tenancy": "default",
            "timeouts": null,
            "user_data": null,
            "user_data_base64": null,
            "vpc_security_group_ids": [
              "sg-017d15b39c5838776"
            ]
          },
          "sensitive_attributes": []
        },
        {
          "index_key": "i-07d802946a1671188",
          "schema_version": 0,
          "attributes": {
            "ami": "ami-052c0058cd97bbaff",
            "arn": "arn:aws:ec2:ap-south-1:357820945061:instance/i-07d802946a1671188",
            "associate_public_ip_address": true,
            "availability_zone": "ap-south-1b",
            "credit_specification": [
              {
                "cpu_credits": "unlimited"
              }
            ],
            "disable_api_stop": false,
            "disable_api_termination": false,
            "ebs_block_device": [],
            "ebs_optimized": true,
            "enclave_options": [
              {
                "enabled": false
              }
            ],
            "ephemeral_block_device": [],
            "filter": null,
            "get_password_data": false,
            "get_user_data": false,
            "host_id": "",
            "host_resource_group_arn": "",
            "iam_instance_profile": "CloudWatchInstanceProfile",
            "id": "i-07d802946a1671188",
            "instance_id": "i-07d802946a1671188",
            "instance_state": "running",
            "instance_tags": null,
            "instance_type": "t3.micro",
            "ipv6_addresses": [],
            "key_name": "mumbai",
            "launch_time": "2025-05-14T09:43:04Z",
            "maintenance_options": [
              {
                "auto_recovery": "default"
              }
            ],
            "metadata_options": [
              {
                "http_endpoint": "enabled",
                "http_protocol_ipv6": "disabled",
                "http_put_response_hop_limit": 2,
                "http_tokens": "required",
                "instance_metadata_tags": "disabled"
              }
            ],
            "monitoring": false,
            "network_interface_id": "eni-06d12c05c6aec5a11",
            "outpost_arn": "",
            "password_data": null,
            "placement_group": "",
            "placement_partition_number": 0,
            "private_dns": "ip-172-31-3-242.ap-south-1.compute.internal",
            "private_dns_name_options": [
              {
                "enable_resource_name_dns_a_record": true,
                "enable_resource_name_dns_aaaa_record": false,
                "hostname_type": "ip-name"
              }
            ],
            "private_ip": "172.31.3.242",
            "public_dns": "ec2-43-204-220-19.ap-south-1.compute.amazonaws.com",
            "public_ip": "43.204.220.19",
            "root_block_device": [
              {
                "delete_on_termination": true,
                "device_name": "/dev/sda1",
                "encrypted": false,
                "iops": 3000,
                "kms_key_id": "",
                "tags": {},
                "throughput": 125,
                "volume_id": "vol-0921169cfb3a91afa",
                "volume_size": 30,
                "volume_type": "gp3"
              }
            ],
            "secondary_private_ips": [],
            "security_groups": [
              "launch-wizard-12"
            ],
            "source_dest_check": true,
            "subnet_id": "subnet-0fdecb2e83bcc1d78",
            "tags": {
              "Name": "window2"
            },
            "tenancy": "default",
            "timeouts": null,
            "user_data": null,
            "user_data_base64": null,
            "vpc_security_group_ids": [
              "sg-017d15b39c5838776"
            ]
          },
          "sensitive_attributes": []
        },
        {
          "index_key": "i-0959178f0dc53c0e8",
          "schema_version": 0,
          "attributes": {
            "ami": "ami-0af9569868786b23a",
            "arn": "arn:aws:ec2:ap-south-1:357820945061:instance/i-0959178f0dc53c0e8",
            "associate_public_ip_address": true,
            "availability_zone": "ap-south-1b",
            "credit_specification": [
              {
                "cpu_credits": "standard"
              }
            ],
            "disable_api_stop": false,
            "disable_api_termination": false,
            "ebs_block_device": [],
            "ebs_optimized": false,
            "enclave_options": [
              {
                "enabled": false
              }
            ],
            "ephemeral_block_device": [],
            "filter": null,
            "get_password_data": false,
            "get_user_data": false,
            "host_id": "",
            "host_resource_group_arn": "",
            "iam_instance_profile": "CloudWatchInstanceProfile",
            "id": "i-0959178f0dc53c0e8",
            "instance_id": "i-0959178f0dc53c0e8",
            "instance_state": "running",
            "instance_tags": null,
            "instance_type": "t2.micro",
            "ipv6_addresses": [],
            "key_name": "newkeypair",
            "launch_time": "2025-05-14T09:44:38Z",
            "maintenance_options": [
              {
                "auto_recovery": "default"
              }
            ],
            "metadata_options": [
              {
                "http_endpoint": "enabled",
                "http_protocol_ipv6": "disabled",
                "http_put_response_hop_limit": 2,
                "http_tokens": "required",
                "instance_metadata_tags": "disabled"
              }
            ],
            "monitoring": false,
            "network_interface_id": "eni-0150923fc09664ed5",
            "outpost_arn": "",
            "password_data": null,
            "placement_group": "",
            "placement_partition_number": 0,
            "private_dns": "ip-172-31-9-31.ap-south-1.compute.internal",
            "private_dns_name_options": [
              {
                "enable_resource_name_dns_a_record": true,
                "enable_resource_name_dns_aaaa_record": false,
                "hostname_type": "ip-name"
              }
            ],
            "private_ip": "172.31.9.31",
            "public_dns": "ec2-15-207-222-68.ap-south-1.compute.amazonaws.com",
            "public_ip": "15.207.222.68",
            "root_block_device": [
              {
                "delete_on_termination": true,
                "device_name": "/dev/xvda",
                "encrypted": false,
                "iops": 3000,
                "kms_key_id": "",
                "tags": {},
                "throughput": 125,
                "volume_id": "vol-09392c2fe713390a9",
                "volume_size": 8,
                "volume_type": "gp3"
              }
            ],
            "secondary_private_ips": [],
            "security_groups": [
              "launch-wizard-13"
            ],
            "source_dest_check": true,
            "subnet_id": "subnet-0fdecb2e83bcc1d78",
            "tags": {
              "Name": "test1"
            },
            "tenancy": "default",
            "timeouts": null,
            "user_data": null,
            "user_data_base64": null,
            "vpc_security_group_ids": [
              "sg-098d0098fcd72dbce"
            ]
          },
          "sensitive_attributes": []
        }
      ]
    },
    {
      "mode": "data",
      "type": "aws_instances",
      "name": "selected",
      "provider": "provider[\"registry.terraform.io/hashicorp/aws\"]",
      "instances": [
        {
          "schema_version": 0,
          "attributes": {
            "filter": null,
            "id": "ap-south-1",
            "ids": [
              "i-03776b981af596d8a",
              "i-07d802946a1671188",
              "i-02ae562ce960c53c2",
              "i-0959178f0dc53c0e8"
            ],
            "instance_state_names": [
              "running",
              "stopped"
            ],
            "instance_tags": null,
            "ipv6_addresses": [],
            "private_ips": [
              "172.31.2.240",
              "172.31.3.242",
              "172.31.11.203",
              "172.31.9.31"
            ],
            "public_ips": [
              "65.1.91.31",
              "43.204.220.19",
              "3.110.175.226",
              "15.207.222.68"
            ],
            "timeouts": null
          },
          "sensitive_attributes": []
        }
      ]
    },
    {
      "module": "module.cpu_alarm[\"test1\"]",
      "mode": "managed",
      "type": "aws_cloudwatch_metric_alarm",
      "name": "cpu_alarm",
      "provider": "provider[\"registry.terraform.io/hashicorp/aws\"]",
      "instances": [
        {
          "index_key": "i-0959178f0dc53c0e8-40",
          "schema_version": 1,
          "attributes": {
            "actions_enabled": true,
            "alarm_actions": [
              "arn:aws:fgsns:ap-south-1:980636705122:high-cpu-cross-ac"
            ],
            "alarm_description": "CPU alarm for instance i-0959178f0dc53c0e8 \u003e 40%",
            "alarm_name": "CPU-i-0959178f0dc53c0e8-40",
            "arn": "arn:aws:cloudwatch:ap-south-1:357820945061:alarm:CPU-i-0959178f0dc53c0e8-40",
            "comparison_operator": "GreaterThanThreshold",
            "datapoints_to_alarm": 0,
            "dimensions": {
              "InstanceId": "i-0959178f0dc53c0e8"
            },
            "evaluate_low_sample_count_percentiles": "",
            "evaluation_periods": 1,
            "extended_statistic": "",
            "id": "CPU-i-0959178f0dc53c0e8-40",
            "insufficient_data_actions": [],
            "metric_name": "CPUUtilization",
            "metric_query": [],
            "namespace": "AWS/EC2",
            "ok_actions": [
              "arn:aws:sns:ap-south-1:980636705122:high-cpu-cross-ac"
            ],
            "period": 300,
            "statistic": "Average",
            "tags": {},
            "tags_all": {},
            "threshold": 40,
            "threshold_metric_id": "",
            "treat_missing_data": "missing",
            "unit": ""
          },
          "sensitive_attributes": [],
          "private": "eyJzY2hlbWFfdmVyc2lvbiI6IjEifQ==",
          "dependencies": [
            "data.aws_instance.selected",
            "data.aws_instances.selected"
          ]
        },
        {
          "index_key": "i-0959178f0dc53c0e8-80",
          "schema_version": 1,
          "attributes": {
            "actions_enabled": true,
            "alarm_actions": [
              "arn:aws:fgsns:ap-south-1:980636705122:high-cpu-cross-ac"
            ],
            "alarm_description": "CPU alarm for instance i-0959178f0dc53c0e8 \u003e 80%",
            "alarm_name": "CPU-i-0959178f0dc53c0e8-80",
            "arn": "arn:aws:cloudwatch:ap-south-1:357820945061:alarm:CPU-i-0959178f0dc53c0e8-80",
            "comparison_operator": "GreaterThanThreshold",
            "datapoints_to_alarm": 0,
            "dimensions": {
              "InstanceId": "i-0959178f0dc53c0e8"
            },
            "evaluate_low_sample_count_percentiles": "",
            "evaluation_periods": 1,
            "extended_statistic": "",
            "id": "CPU-i-0959178f0dc53c0e8-80",
            "insufficient_data_actions": [],
            "metric_name": "CPUUtilization",
            "metric_query": [],
            "namespace": "AWS/EC2",
            "ok_actions": [
              "arn:aws:sns:ap-south-1:980636705122:high-cpu-cross-ac"
            ],
            "period": 300,
            "statistic": "Average",
            "tags": {},
            "tags_all": {},
            "threshold": 80,
            "threshold_metric_id": "",
            "treat_missing_data": "missing",
            "unit": ""
          },
          "sensitive_attributes": [],
          "private": "eyJzY2hlbWFfdmVyc2lvbiI6IjEifQ==",
          "dependencies": [
            "data.aws_instance.selected",
            "data.aws_instances.selected"
          ]
        },
        {
          "index_key": "i-0959178f0dc53c0e8-90",
          "schema_version": 1,
          "attributes": {
            "actions_enabled": true,
            "alarm_actions": [
              "arn:aws:fgsns:ap-south-1:980636705122:high-cpu-cross-ac"
            ],
            "alarm_description": "CPU alarm for instance i-0959178f0dc53c0e8 \u003e 90%",
            "alarm_name": "CPU-i-0959178f0dc53c0e8-90",
            "arn": "arn:aws:cloudwatch:ap-south-1:357820945061:alarm:CPU-i-0959178f0dc53c0e8-90",
            "comparison_operator": "GreaterThanThreshold",
            "datapoints_to_alarm": 0,
            "dimensions": {
              "InstanceId": "i-0959178f0dc53c0e8"
            },
            "evaluate_low_sample_count_percentiles": "",
            "evaluation_periods": 1,
            "extended_statistic": "",
            "id": "CPU-i-0959178f0dc53c0e8-90",
            "insufficient_data_actions": [],
            "metric_name": "CPUUtilization",
            "metric_query": [],
            "namespace": "AWS/EC2",
            "ok_actions": [
              "arn:aws:sns:ap-south-1:980636705122:high-cpu-cross-ac"
            ],
            "period": 300,
            "statistic": "Average",
            "tags": {},
            "tags_all": {},
            "threshold": 90,
            "threshold_metric_id": "",
            "treat_missing_data": "missing",
            "unit": ""
          },
          "sensitive_attributes": [],
          "private": "eyJzY2hlbWFfdmVyc2lvbiI6IjEifQ==",
          "dependencies": [
            "data.aws_instance.selected",
            "data.aws_instances.selected"
          ]
        }
      ]
    },
    {
      "module": "module.cpu_alarm[\"test2\"]",
      "mode": "managed",
      "type": "aws_cloudwatch_metric_alarm",
      "name": "cpu_alarm",
      "provider": "provider[\"registry.terraform.io/hashicorp/aws\"]",
      "instances": [
        {
          "index_key": "i-02ae562ce960c53c2-40",
          "schema_version": 1,
          "attributes": {
            "actions_enabled": true,
            "alarm_actions": [
              "arn:aws:fgsns:ap-south-1:980636705122:high-cpu-cross-ac"
            ],
            "alarm_description": "CPU alarm for instance i-02ae562ce960c53c2 \u003e 40%",
            "alarm_name": "CPU-i-02ae562ce960c53c2-40",
            "arn": "arn:aws:cloudwatch:ap-south-1:357820945061:alarm:CPU-i-02ae562ce960c53c2-40",
            "comparison_operator": "GreaterThanThreshold",
            "datapoints_to_alarm": 0,
            "dimensions": {
              "InstanceId": "i-02ae562ce960c53c2"
            },
            "evaluate_low_sample_count_percentiles": "",
            "evaluation_periods": 1,
            "extended_statistic": "",
            "id": "CPU-i-02ae562ce960c53c2-40",
            "insufficient_data_actions": [],
            "metric_name": "CPUUtilization",
            "metric_query": [],
            "namespace": "AWS/EC2",
            "ok_actions": [
              "arn:aws:sns:ap-south-1:980636705122:high-cpu-cross-ac"
            ],
            "period": 300,
            "statistic": "Average",
            "tags": {},
            "tags_all": {},
            "threshold": 40,
            "threshold_metric_id": "",
            "treat_missing_data": "missing",
            "unit": ""
          },
          "sensitive_attributes": [],
          "private": "eyJzY2hlbWFfdmVyc2lvbiI6IjEifQ==",
          "dependencies": [
            "data.aws_instance.selected",
            "data.aws_instances.selected"
          ]
        },
        {
          "index_key": "i-02ae562ce960c53c2-80",
          "schema_version": 1,
          "attributes": {
            "actions_enabled": true,
            "alarm_actions": [
              "arn:aws:fgsns:ap-south-1:980636705122:high-cpu-cross-ac"
            ],
            "alarm_description": "CPU alarm for instance i-02ae562ce960c53c2 \u003e 80%",
            "alarm_name": "CPU-i-02ae562ce960c53c2-80",
            "arn": "arn:aws:cloudwatch:ap-south-1:357820945061:alarm:CPU-i-02ae562ce960c53c2-80",
            "comparison_operator": "GreaterThanThreshold",
            "datapoints_to_alarm": 0,
            "dimensions": {
              "InstanceId": "i-02ae562ce960c53c2"
            },
            "evaluate_low_sample_count_percentiles": "",
            "evaluation_periods": 1,
            "extended_statistic": "",
            "id": "CPU-i-02ae562ce960c53c2-80",
            "insufficient_data_actions": [],
            "metric_name": "CPUUtilization",
            "metric_query": [],
            "namespace": "AWS/EC2",
            "ok_actions": [
              "arn:aws:sns:ap-south-1:980636705122:high-cpu-cross-ac"
            ],
            "period": 300,
            "statistic": "Average",
            "tags": {},
            "tags_all": {},
            "threshold": 80,
            "threshold_metric_id": "",
            "treat_missing_data": "missing",
            "unit": ""
          },
          "sensitive_attributes": [],
          "private": "eyJzY2hlbWFfdmVyc2lvbiI6IjEifQ==",
          "dependencies": [
            "data.aws_instance.selected",
            "data.aws_instances.selected"
          ]
        },
        {
          "index_key": "i-02ae562ce960c53c2-90",
          "schema_version": 1,
          "attributes": {
            "actions_enabled": true,
            "alarm_actions": [
              "arn:aws:fgsns:ap-south-1:980636705122:high-cpu-cross-ac"
            ],
            "alarm_description": "CPU alarm for instance i-02ae562ce960c53c2 \u003e 90%",
            "alarm_name": "CPU-i-02ae562ce960c53c2-90",
            "arn": "arn:aws:cloudwatch:ap-south-1:357820945061:alarm:CPU-i-02ae562ce960c53c2-90",
            "comparison_operator": "GreaterThanThreshold",
            "datapoints_to_alarm": 0,
            "dimensions": {
              "InstanceId": "i-02ae562ce960c53c2"
            },
            "evaluate_low_sample_count_percentiles": "",
            "evaluation_periods": 1,
            "extended_statistic": "",
            "id": "CPU-i-02ae562ce960c53c2-90",
            "insufficient_data_actions": [],
            "metric_name": "CPUUtilization",
            "metric_query": [],
            "namespace": "AWS/EC2",
            "ok_actions": [
              "arn:aws:sns:ap-south-1:980636705122:high-cpu-cross-ac"
            ],
            "period": 300,
            "statistic": "Average",
            "tags": {},
            "tags_all": {},
            "threshold": 90,
            "threshold_metric_id": "",
            "treat_missing_data": "missing",
            "unit": ""
          },
          "sensitive_attributes": [],
          "private": "eyJzY2hlbWFfdmVyc2lvbiI6IjEifQ==",
          "dependencies": [
            "data.aws_instance.selected",
            "data.aws_instances.selected"
          ]
        }
      ]
    },
    {
      "module": "module.cpu_alarm[\"window1\"]",
      "mode": "managed",
      "type": "aws_cloudwatch_metric_alarm",
      "name": "cpu_alarm",
      "provider": "provider[\"registry.terraform.io/hashicorp/aws\"]",
      "instances": [
        {
          "index_key": "i-03776b981af596d8a-40",
          "schema_version": 1,
          "attributes": {
            "actions_enabled": true,
            "alarm_actions": [
              "arn:aws:fgsns:ap-south-1:980636705122:high-cpu-cross-ac"
            ],
            "alarm_description": "CPU alarm for instance i-03776b981af596d8a \u003e 40%",
            "alarm_name": "CPU-i-03776b981af596d8a-40",
            "arn": "arn:aws:cloudwatch:ap-south-1:357820945061:alarm:CPU-i-03776b981af596d8a-40",
            "comparison_operator": "GreaterThanThreshold",
            "datapoints_to_alarm": 0,
            "dimensions": {
              "InstanceId": "i-03776b981af596d8a"
            },
            "evaluate_low_sample_count_percentiles": "",
            "evaluation_periods": 1,
            "extended_statistic": "",
            "id": "CPU-i-03776b981af596d8a-40",
            "insufficient_data_actions": [],
            "metric_name": "CPUUtilization",
            "metric_query": [],
            "namespace": "AWS/EC2",
            "ok_actions": [
              "arn:aws:sns:ap-south-1:980636705122:high-cpu-cross-ac"
            ],
            "period": 300,
            "statistic": "Average",
            "tags": {},
            "tags_all": {},
            "threshold": 40,
            "threshold_metric_id": "",
            "treat_missing_data": "missing",
            "unit": ""
          },
          "sensitive_attributes": [],
          "private": "eyJzY2hlbWFfdmVyc2lvbiI6IjEifQ==",
          "dependencies": [
            "data.aws_instance.selected",
            "data.aws_instances.selected"
          ]
        },
        {
          "index_key": "i-03776b981af596d8a-80",
          "schema_version": 1,
          "attributes": {
            "actions_enabled": true,
            "alarm_actions": [
              "arn:aws:fgsns:ap-south-1:980636705122:high-cpu-cross-ac"
            ],
            "alarm_description": "CPU alarm for instance i-03776b981af596d8a \u003e 80%",
            "alarm_name": "CPU-i-03776b981af596d8a-80",
            "arn": "arn:aws:cloudwatch:ap-south-1:357820945061:alarm:CPU-i-03776b981af596d8a-80",
            "comparison_operator": "GreaterThanThreshold",
            "datapoints_to_alarm": 0,
            "dimensions": {
              "InstanceId": "i-03776b981af596d8a"
            },
            "evaluate_low_sample_count_percentiles": "",
            "evaluation_periods": 1,
            "extended_statistic": "",
            "id": "CPU-i-03776b981af596d8a-80",
            "insufficient_data_actions": [],
            "metric_name": "CPUUtilization",
            "metric_query": [],
            "namespace": "AWS/EC2",
            "ok_actions": [
              "arn:aws:sns:ap-south-1:980636705122:high-cpu-cross-ac"
            ],
            "period": 300,
            "statistic": "Average",
            "tags": {},
            "tags_all": {},
            "threshold": 80,
            "threshold_metric_id": "",
            "treat_missing_data": "missing",
            "unit": ""
          },
          "sensitive_attributes": [],
          "private": "eyJzY2hlbWFfdmVyc2lvbiI6IjEifQ==",
          "dependencies": [
            "data.aws_instance.selected",
            "data.aws_instances.selected"
          ]
        },
        {
          "index_key": "i-03776b981af596d8a-90",
          "schema_version": 1,
          "attributes": {
            "actions_enabled": true,
            "alarm_actions": [
              "arn:aws:fgsns:ap-south-1:980636705122:high-cpu-cross-ac"
            ],
            "alarm_description": "CPU alarm for instance i-03776b981af596d8a \u003e 90%",
            "alarm_name": "CPU-i-03776b981af596d8a-90",
            "arn": "arn:aws:cloudwatch:ap-south-1:357820945061:alarm:CPU-i-03776b981af596d8a-90",
            "comparison_operator": "GreaterThanThreshold",
            "datapoints_to_alarm": 0,
            "dimensions": {
              "InstanceId": "i-03776b981af596d8a"
            },
            "evaluate_low_sample_count_percentiles": "",
            "evaluation_periods": 1,
            "extended_statistic": "",
            "id": "CPU-i-03776b981af596d8a-90",
            "insufficient_data_actions": [],
            "metric_name": "CPUUtilization",
            "metric_query": [],
            "namespace": "AWS/EC2",
            "ok_actions": [
              "arn:aws:sns:ap-south-1:980636705122:high-cpu-cross-ac"
            ],
            "period": 300,
            "statistic": "Average",
            "tags": {},
            "tags_all": {},
            "threshold": 90,
            "threshold_metric_id": "",
            "treat_missing_data": "missing",
            "unit": ""
          },
          "sensitive_attributes": [],
          "private": "eyJzY2hlbWFfdmVyc2lvbiI6IjEifQ==",
          "dependencies": [
            "data.aws_instance.selected",
            "data.aws_instances.selected"
          ]
        }
      ]
    },
    {
      "module": "module.cpu_alarm[\"window2\"]",
      "mode": "managed",
      "type": "aws_cloudwatch_metric_alarm",
      "name": "cpu_alarm",
      "provider": "provider[\"registry.terraform.io/hashicorp/aws\"]",
      "instances": [
        {
          "index_key": "i-07d802946a1671188-40",
          "schema_version": 1,
          "attributes": {
            "actions_enabled": true,
            "alarm_actions": [
              "arn:aws:fgsns:ap-south-1:980636705122:high-cpu-cross-ac"
            ],
            "alarm_description": "CPU alarm for instance i-07d802946a1671188 \u003e 40%",
            "alarm_name": "CPU-i-07d802946a1671188-40",
            "arn": "arn:aws:cloudwatch:ap-south-1:357820945061:alarm:CPU-i-07d802946a1671188-40",
            "comparison_operator": "GreaterThanThreshold",
            "datapoints_to_alarm": 0,
            "dimensions": {
              "InstanceId": "i-07d802946a1671188"
            },
            "evaluate_low_sample_count_percentiles": "",
            "evaluation_periods": 1,
            "extended_statistic": "",
            "id": "CPU-i-07d802946a1671188-40",
            "insufficient_data_actions": [],
            "metric_name": "CPUUtilization",
            "metric_query": [],
            "namespace": "AWS/EC2",
            "ok_actions": [
              "arn:aws:sns:ap-south-1:980636705122:high-cpu-cross-ac"
            ],
            "period": 300,
            "statistic": "Average",
            "tags": {},
            "tags_all": {},
            "threshold": 40,
            "threshold_metric_id": "",
            "treat_missing_data": "missing",
            "unit": ""
          },
          "sensitive_attributes": [],
          "private": "eyJzY2hlbWFfdmVyc2lvbiI6IjEifQ==",
          "dependencies": [
            "data.aws_instance.selected",
            "data.aws_instances.selected"
          ]
        },
        {
          "index_key": "i-07d802946a1671188-80",
          "schema_version": 1,
          "attributes": {
            "actions_enabled": true,
            "alarm_actions": [
              "arn:aws:fgsns:ap-south-1:980636705122:high-cpu-cross-ac"
            ],
            "alarm_description": "CPU alarm for instance i-07d802946a1671188 \u003e 80%",
            "alarm_name": "CPU-i-07d802946a1671188-80",
            "arn": "arn:aws:cloudwatch:ap-south-1:357820945061:alarm:CPU-i-07d802946a1671188-80",
            "comparison_operator": "GreaterThanThreshold",
            "datapoints_to_alarm": 0,
            "dimensions": {
              "InstanceId": "i-07d802946a1671188"
            },
            "evaluate_low_sample_count_percentiles": "",
            "evaluation_periods": 1,
            "extended_statistic": "",
            "id": "CPU-i-07d802946a1671188-80",
            "insufficient_data_actions": [],
            "metric_name": "CPUUtilization",
            "metric_query": [],
            "namespace": "AWS/EC2",
            "ok_actions": [
              "arn:aws:sns:ap-south-1:980636705122:high-cpu-cross-ac"
            ],
            "period": 300,
            "statistic": "Average",
            "tags": {},
            "tags_all": {},
            "threshold": 80,
            "threshold_metric_id": "",
            "treat_missing_data": "missing",
            "unit": ""
          },
          "sensitive_attributes": [],
          "private": "eyJzY2hlbWFfdmVyc2lvbiI6IjEifQ==",
          "dependencies": [
            "data.aws_instance.selected",
            "data.aws_instances.selected"
          ]
        },
        {
          "index_key": "i-07d802946a1671188-90",
          "schema_version": 1,
          "attributes": {
            "actions_enabled": true,
            "alarm_actions": [
              "arn:aws:fgsns:ap-south-1:980636705122:high-cpu-cross-ac"
            ],
            "alarm_description": "CPU alarm for instance i-07d802946a1671188 \u003e 90%",
            "alarm_name": "CPU-i-07d802946a1671188-90",
            "arn": "arn:aws:cloudwatch:ap-south-1:357820945061:alarm:CPU-i-07d802946a1671188-90",
            "comparison_operator": "GreaterThanThreshold",
            "datapoints_to_alarm": 0,
            "dimensions": {
              "InstanceId": "i-07d802946a1671188"
            },
            "evaluate_low_sample_count_percentiles": "",
            "evaluation_periods": 1,
            "extended_statistic": "",
            "id": "CPU-i-07d802946a1671188-90",
            "insufficient_data_actions": [],
            "metric_name": "CPUUtilization",
            "metric_query": [],
            "namespace": "AWS/EC2",
            "ok_actions": [
              "arn:aws:sns:ap-south-1:980636705122:high-cpu-cross-ac"
            ],
            "period": 300,
            "statistic": "Average",
            "tags": {},
            "tags_all": {},
            "threshold": 90,
            "threshold_metric_id": "",
            "treat_missing_data": "missing",
            "unit": ""
          },
          "sensitive_attributes": [],
          "private": "eyJzY2hlbWFfdmVyc2lvbiI6IjEifQ==",
          "dependencies": [
            "data.aws_instance.selected",
            "data.aws_instances.selected"
          ]
        }
      ]
    },
    {
      "module": "module.disk_alarms[\"test1\"]",
      "mode": "managed",
      "type": "aws_cloudwatch_metric_alarm",
      "name": "ebs_disk_alarms",
      "provider": "provider[\"registry.terraform.io/hashicorp/aws\"]",
      "instances": [
        {
          "index_key": "i-0959178f0dc53c0e8-_dev_xvda-40",
          "schema_version": 1,
          "attributes": {
            "actions_enabled": true,
            "alarm_actions": [],
            "alarm_description": "Alarm for disk /dev/xvda on instance i-0959178f0dc53c0e8 \u003e 40%",
            "alarm_name": "EBS-Disk-i-0959178f0dc53c0e8-_dev_xvda-40",
            "arn": "arn:aws:cloudwatch:ap-south-1:357820945061:alarm:EBS-Disk-i-0959178f0dc53c0e8-_dev_xvda-40",
            "comparison_operator": "GreaterThanThreshold",
            "datapoints_to_alarm": 0,
            "dimensions": {
              "InstanceId": "i-0959178f0dc53c0e8",
              "LogicalDisk": "/dev/xvda"
            },
            "evaluate_low_sample_count_percentiles": "",
            "evaluation_periods": 1,
            "extended_statistic": "",
            "id": "EBS-Disk-i-0959178f0dc53c0e8-_dev_xvda-40",
            "insufficient_data_actions": [],
            "metric_name": "disk_used_percent",
            "metric_query": [],
            "namespace": "CWAgent",
            "ok_actions": [],
            "period": 300,
            "statistic": "Average",
            "tags": {},
            "tags_all": {},
            "threshold": 40,
            "threshold_metric_id": "",
            "treat_missing_data": "missing",
            "unit": ""
          },
          "sensitive_attributes": [],
          "private": "eyJzY2hlbWFfdmVyc2lvbiI6IjEifQ==",
          "dependencies": [
            "data.aws_instance.selected",
            "data.aws_instances.selected"
          ]
        },
        {
          "index_key": "i-0959178f0dc53c0e8-_dev_xvda-80",
          "schema_version": 1,
          "attributes": {
            "actions_enabled": true,
            "alarm_actions": [],
            "alarm_description": "Alarm for disk /dev/xvda on instance i-0959178f0dc53c0e8 \u003e 80%",
            "alarm_name": "EBS-Disk-i-0959178f0dc53c0e8-_dev_xvda-80",
            "arn": "arn:aws:cloudwatch:ap-south-1:357820945061:alarm:EBS-Disk-i-0959178f0dc53c0e8-_dev_xvda-80",
            "comparison_operator": "GreaterThanThreshold",
            "datapoints_to_alarm": 0,
            "dimensions": {
              "InstanceId": "i-0959178f0dc53c0e8",
              "LogicalDisk": "/dev/xvda"
            },
            "evaluate_low_sample_count_percentiles": "",
            "evaluation_periods": 1,
            "extended_statistic": "",
            "id": "EBS-Disk-i-0959178f0dc53c0e8-_dev_xvda-80",
            "insufficient_data_actions": [],
            "metric_name": "disk_used_percent",
            "metric_query": [],
            "namespace": "CWAgent",
            "ok_actions": [],
            "period": 300,
            "statistic": "Average",
            "tags": {},
            "tags_all": {},
            "threshold": 80,
            "threshold_metric_id": "",
            "treat_missing_data": "missing",
            "unit": ""
          },
          "sensitive_attributes": [],
          "private": "eyJzY2hlbWFfdmVyc2lvbiI6IjEifQ==",
          "dependencies": [
            "data.aws_instance.selected",
            "data.aws_instances.selected"
          ]
        },
        {
          "index_key": "i-0959178f0dc53c0e8-_dev_xvda-90",
          "schema_version": 1,
          "attributes": {
            "actions_enabled": true,
            "alarm_actions": [],
            "alarm_description": "Alarm for disk /dev/xvda on instance i-0959178f0dc53c0e8 \u003e 90%",
            "alarm_name": "EBS-Disk-i-0959178f0dc53c0e8-_dev_xvda-90",
            "arn": "arn:aws:cloudwatch:ap-south-1:357820945061:alarm:EBS-Disk-i-0959178f0dc53c0e8-_dev_xvda-90",
            "comparison_operator": "GreaterThanThreshold",
            "datapoints_to_alarm": 0,
            "dimensions": {
              "InstanceId": "i-0959178f0dc53c0e8",
              "LogicalDisk": "/dev/xvda"
            },
            "evaluate_low_sample_count_percentiles": "",
            "evaluation_periods": 1,
            "extended_statistic": "",
            "id": "EBS-Disk-i-0959178f0dc53c0e8-_dev_xvda-90",
            "insufficient_data_actions": [],
            "metric_name": "disk_used_percent",
            "metric_query": [],
            "namespace": "CWAgent",
            "ok_actions": [],
            "period": 300,
            "statistic": "Average",
            "tags": {},
            "tags_all": {},
            "threshold": 90,
            "threshold_metric_id": "",
            "treat_missing_data": "missing",
            "unit": ""
          },
          "sensitive_attributes": [],
          "private": "eyJzY2hlbWFfdmVyc2lvbiI6IjEifQ==",
          "dependencies": [
            "data.aws_instance.selected",
            "data.aws_instances.selected"
          ]
        }
      ]
    },
    {
      "module": "module.disk_alarms[\"test2\"]",
      "mode": "managed",
      "type": "aws_cloudwatch_metric_alarm",
      "name": "ebs_disk_alarms",
      "provider": "provider[\"registry.terraform.io/hashicorp/aws\"]",
      "instances": [
        {
          "index_key": "i-02ae562ce960c53c2-_dev_xvda-40",
          "schema_version": 1,
          "attributes": {
            "actions_enabled": true,
            "alarm_actions": [],
            "alarm_description": "Alarm for disk /dev/xvda on instance i-02ae562ce960c53c2 \u003e 40%",
            "alarm_name": "EBS-Disk-i-02ae562ce960c53c2-_dev_xvda-40",
            "arn": "arn:aws:cloudwatch:ap-south-1:357820945061:alarm:EBS-Disk-i-02ae562ce960c53c2-_dev_xvda-40",
            "comparison_operator": "GreaterThanThreshold",
            "datapoints_to_alarm": 0,
            "dimensions": {
              "InstanceId": "i-02ae562ce960c53c2",
              "LogicalDisk": "/dev/xvda"
            },
            "evaluate_low_sample_count_percentiles": "",
            "evaluation_periods": 1,
            "extended_statistic": "",
            "id": "EBS-Disk-i-02ae562ce960c53c2-_dev_xvda-40",
            "insufficient_data_actions": [],
            "metric_name": "disk_used_percent",
            "metric_query": [],
            "namespace": "CWAgent",
            "ok_actions": [],
            "period": 300,
            "statistic": "Average",
            "tags": {},
            "tags_all": {},
            "threshold": 40,
            "threshold_metric_id": "",
            "treat_missing_data": "missing",
            "unit": ""
          },
          "sensitive_attributes": [],
          "private": "eyJzY2hlbWFfdmVyc2lvbiI6IjEifQ==",
          "dependencies": [
            "data.aws_instance.selected",
            "data.aws_instances.selected"
          ]
        },
        {
          "index_key": "i-02ae562ce960c53c2-_dev_xvda-80",
          "schema_version": 1,
          "attributes": {
            "actions_enabled": true,
            "alarm_actions": [],
            "alarm_description": "Alarm for disk /dev/xvda on instance i-02ae562ce960c53c2 \u003e 80%",
            "alarm_name": "EBS-Disk-i-02ae562ce960c53c2-_dev_xvda-80",
            "arn": "arn:aws:cloudwatch:ap-south-1:357820945061:alarm:EBS-Disk-i-02ae562ce960c53c2-_dev_xvda-80",
            "comparison_operator": "GreaterThanThreshold",
            "datapoints_to_alarm": 0,
            "dimensions": {
              "InstanceId": "i-02ae562ce960c53c2",
              "LogicalDisk": "/dev/xvda"
            },
            "evaluate_low_sample_count_percentiles": "",
            "evaluation_periods": 1,
            "extended_statistic": "",
            "id": "EBS-Disk-i-02ae562ce960c53c2-_dev_xvda-80",
            "insufficient_data_actions": [],
            "metric_name": "disk_used_percent",
            "metric_query": [],
            "namespace": "CWAgent",
            "ok_actions": [],
            "period": 300,
            "statistic": "Average",
            "tags": {},
            "tags_all": {},
            "threshold": 80,
            "threshold_metric_id": "",
            "treat_missing_data": "missing",
            "unit": ""
          },
          "sensitive_attributes": [],
          "private": "eyJzY2hlbWFfdmVyc2lvbiI6IjEifQ==",
          "dependencies": [
            "data.aws_instance.selected",
            "data.aws_instances.selected"
          ]
        },
        {
          "index_key": "i-02ae562ce960c53c2-_dev_xvda-90",
          "schema_version": 1,
          "attributes": {
            "actions_enabled": true,
            "alarm_actions": [],
            "alarm_description": "Alarm for disk /dev/xvda on instance i-02ae562ce960c53c2 \u003e 90%",
            "alarm_name": "EBS-Disk-i-02ae562ce960c53c2-_dev_xvda-90",
            "arn": "arn:aws:cloudwatch:ap-south-1:357820945061:alarm:EBS-Disk-i-02ae562ce960c53c2-_dev_xvda-90",
            "comparison_operator": "GreaterThanThreshold",
            "datapoints_to_alarm": 0,
            "dimensions": {
              "InstanceId": "i-02ae562ce960c53c2",
              "LogicalDisk": "/dev/xvda"
            },
            "evaluate_low_sample_count_percentiles": "",
            "evaluation_periods": 1,
            "extended_statistic": "",
            "id": "EBS-Disk-i-02ae562ce960c53c2-_dev_xvda-90",
            "insufficient_data_actions": [],
            "metric_name": "disk_used_percent",
            "metric_query": [],
            "namespace": "CWAgent",
            "ok_actions": [],
            "period": 300,
            "statistic": "Average",
            "tags": {},
            "tags_all": {},
            "threshold": 90,
            "threshold_metric_id": "",
            "treat_missing_data": "missing",
            "unit": ""
          },
          "sensitive_attributes": [],
          "private": "eyJzY2hlbWFfdmVyc2lvbiI6IjEifQ==",
          "dependencies": [
            "data.aws_instance.selected",
            "data.aws_instances.selected"
          ]
        }
      ]
    },
    {
      "module": "module.disk_alarms[\"window1\"]",
      "mode": "managed",
      "type": "aws_cloudwatch_metric_alarm",
      "name": "ebs_disk_alarms",
      "provider": "provider[\"registry.terraform.io/hashicorp/aws\"]",
      "instances": [
        {
          "index_key": "i-03776b981af596d8a-_dev_xvda-40",
          "schema_version": 1,
          "attributes": {
            "actions_enabled": true,
            "alarm_actions": [],
            "alarm_description": "Alarm for disk /dev/xvda on instance i-03776b981af596d8a \u003e 40%",
            "alarm_name": "EBS-Disk-i-03776b981af596d8a-_dev_xvda-40",
            "arn": "arn:aws:cloudwatch:ap-south-1:357820945061:alarm:EBS-Disk-i-03776b981af596d8a-_dev_xvda-40",
            "comparison_operator": "GreaterThanThreshold",
            "datapoints_to_alarm": 0,
            "dimensions": {
              "InstanceId": "i-03776b981af596d8a",
              "LogicalDisk": "/dev/xvda"
            },
            "evaluate_low_sample_count_percentiles": "",
            "evaluation_periods": 1,
            "extended_statistic": "",
            "id": "EBS-Disk-i-03776b981af596d8a-_dev_xvda-40",
            "insufficient_data_actions": [],
            "metric_name": "disk_used_percent",
            "metric_query": [],
            "namespace": "CWAgent",
            "ok_actions": [],
            "period": 300,
            "statistic": "Average",
            "tags": {},
            "tags_all": {},
            "threshold": 40,
            "threshold_metric_id": "",
            "treat_missing_data": "missing",
            "unit": ""
          },
          "sensitive_attributes": [],
          "private": "eyJzY2hlbWFfdmVyc2lvbiI6IjEifQ==",
          "dependencies": [
            "data.aws_instance.selected",
            "data.aws_instances.selected"
          ]
        },
        {
          "index_key": "i-03776b981af596d8a-_dev_xvda-80",
          "schema_version": 1,
          "attributes": {
            "actions_enabled": true,
            "alarm_actions": [],
            "alarm_description": "Alarm for disk /dev/xvda on instance i-03776b981af596d8a \u003e 80%",
            "alarm_name": "EBS-Disk-i-03776b981af596d8a-_dev_xvda-80",
            "arn": "arn:aws:cloudwatch:ap-south-1:357820945061:alarm:EBS-Disk-i-03776b981af596d8a-_dev_xvda-80",
            "comparison_operator": "GreaterThanThreshold",
            "datapoints_to_alarm": 0,
            "dimensions": {
              "InstanceId": "i-03776b981af596d8a",
              "LogicalDisk": "/dev/xvda"
            },
            "evaluate_low_sample_count_percentiles": "",
            "evaluation_periods": 1,
            "extended_statistic": "",
            "id": "EBS-Disk-i-03776b981af596d8a-_dev_xvda-80",
            "insufficient_data_actions": [],
            "metric_name": "disk_used_percent",
            "metric_query": [],
            "namespace": "CWAgent",
            "ok_actions": [],
            "period": 300,
            "statistic": "Average",
            "tags": {},
            "tags_all": {},
            "threshold": 80,
            "threshold_metric_id": "",
            "treat_missing_data": "missing",
            "unit": ""
          },
          "sensitive_attributes": [],
          "private": "eyJzY2hlbWFfdmVyc2lvbiI6IjEifQ==",
          "dependencies": [
            "data.aws_instance.selected",
            "data.aws_instances.selected"
          ]
        },
        {
          "index_key": "i-03776b981af596d8a-_dev_xvda-90",
          "schema_version": 1,
          "attributes": {
            "actions_enabled": true,
            "alarm_actions": [],
            "alarm_description": "Alarm for disk /dev/xvda on instance i-03776b981af596d8a \u003e 90%",
            "alarm_name": "EBS-Disk-i-03776b981af596d8a-_dev_xvda-90",
            "arn": "arn:aws:cloudwatch:ap-south-1:357820945061:alarm:EBS-Disk-i-03776b981af596d8a-_dev_xvda-90",
            "comparison_operator": "GreaterThanThreshold",
            "datapoints_to_alarm": 0,
            "dimensions": {
              "InstanceId": "i-03776b981af596d8a",
              "LogicalDisk": "/dev/xvda"
            },
            "evaluate_low_sample_count_percentiles": "",
            "evaluation_periods": 1,
            "extended_statistic": "",
            "id": "EBS-Disk-i-03776b981af596d8a-_dev_xvda-90",
            "insufficient_data_actions": [],
            "metric_name": "disk_used_percent",
            "metric_query": [],
            "namespace": "CWAgent",
            "ok_actions": [],
            "period": 300,
            "statistic": "Average",
            "tags": {},
            "tags_all": {},
            "threshold": 90,
            "threshold_metric_id": "",
            "treat_missing_data": "missing",
            "unit": ""
          },
          "sensitive_attributes": [],
          "private": "eyJzY2hlbWFfdmVyc2lvbiI6IjEifQ==",
          "dependencies": [
            "data.aws_instance.selected",
            "data.aws_instances.selected"
          ]
        }
      ]
    },
    {
      "module": "module.disk_alarms[\"window2\"]",
      "mode": "managed",
      "type": "aws_cloudwatch_metric_alarm",
      "name": "ebs_disk_alarms",
      "provider": "provider[\"registry.terraform.io/hashicorp/aws\"]",
      "instances": [
        {
          "index_key": "i-07d802946a1671188-_dev_xvda-40",
          "schema_version": 1,
          "attributes": {
            "actions_enabled": true,
            "alarm_actions": [],
            "alarm_description": "Alarm for disk /dev/xvda on instance i-07d802946a1671188 \u003e 40%",
            "alarm_name": "EBS-Disk-i-07d802946a1671188-_dev_xvda-40",
            "arn": "arn:aws:cloudwatch:ap-south-1:357820945061:alarm:EBS-Disk-i-07d802946a1671188-_dev_xvda-40",
            "comparison_operator": "GreaterThanThreshold",
            "datapoints_to_alarm": 0,
            "dimensions": {
              "InstanceId": "i-07d802946a1671188",
              "LogicalDisk": "/dev/xvda"
            },
            "evaluate_low_sample_count_percentiles": "",
            "evaluation_periods": 1,
            "extended_statistic": "",
            "id": "EBS-Disk-i-07d802946a1671188-_dev_xvda-40",
            "insufficient_data_actions": [],
            "metric_name": "disk_used_percent",
            "metric_query": [],
            "namespace": "CWAgent",
            "ok_actions": [],
            "period": 300,
            "statistic": "Average",
            "tags": {},
            "tags_all": {},
            "threshold": 40,
            "threshold_metric_id": "",
            "treat_missing_data": "missing",
            "unit": ""
          },
          "sensitive_attributes": [],
          "private": "eyJzY2hlbWFfdmVyc2lvbiI6IjEifQ==",
          "dependencies": [
            "data.aws_instance.selected",
            "data.aws_instances.selected"
          ]
        },
        {
          "index_key": "i-07d802946a1671188-_dev_xvda-80",
          "schema_version": 1,
          "attributes": {
            "actions_enabled": true,
            "alarm_actions": [],
            "alarm_description": "Alarm for disk /dev/xvda on instance i-07d802946a1671188 \u003e 80%",
            "alarm_name": "EBS-Disk-i-07d802946a1671188-_dev_xvda-80",
            "arn": "arn:aws:cloudwatch:ap-south-1:357820945061:alarm:EBS-Disk-i-07d802946a1671188-_dev_xvda-80",
            "comparison_operator": "GreaterThanThreshold",
            "datapoints_to_alarm": 0,
            "dimensions": {
              "InstanceId": "i-07d802946a1671188",
              "LogicalDisk": "/dev/xvda"
            },
            "evaluate_low_sample_count_percentiles": "",
            "evaluation_periods": 1,
            "extended_statistic": "",
            "id": "EBS-Disk-i-07d802946a1671188-_dev_xvda-80",
            "insufficient_data_actions": [],
            "metric_name": "disk_used_percent",
            "metric_query": [],
            "namespace": "CWAgent",
            "ok_actions": [],
            "period": 300,
            "statistic": "Average",
            "tags": {},
            "tags_all": {},
            "threshold": 80,
            "threshold_metric_id": "",
            "treat_missing_data": "missing",
            "unit": ""
          },
          "sensitive_attributes": [],
          "private": "eyJzY2hlbWFfdmVyc2lvbiI6IjEifQ==",
          "dependencies": [
            "data.aws_instance.selected",
            "data.aws_instances.selected"
          ]
        },
        {
          "index_key": "i-07d802946a1671188-_dev_xvda-90",
          "schema_version": 1,
          "attributes": {
            "actions_enabled": true,
            "alarm_actions": [],
            "alarm_description": "Alarm for disk /dev/xvda on instance i-07d802946a1671188 \u003e 90%",
            "alarm_name": "EBS-Disk-i-07d802946a1671188-_dev_xvda-90",
            "arn": "arn:aws:cloudwatch:ap-south-1:357820945061:alarm:EBS-Disk-i-07d802946a1671188-_dev_xvda-90",
            "comparison_operator": "GreaterThanThreshold",
            "datapoints_to_alarm": 0,
            "dimensions": {
              "InstanceId": "i-07d802946a1671188",
              "LogicalDisk": "/dev/xvda"
            },
            "evaluate_low_sample_count_percentiles": "",
            "evaluation_periods": 1,
            "extended_statistic": "",
            "id": "EBS-Disk-i-07d802946a1671188-_dev_xvda-90",
            "insufficient_data_actions": [],
            "metric_name": "disk_used_percent",
            "metric_query": [],
            "namespace": "CWAgent",
            "ok_actions": [],
            "period": 300,
            "statistic": "Average",
            "tags": {},
            "tags_all": {},
            "threshold": 90,
            "threshold_metric_id": "",
            "treat_missing_data": "missing",
            "unit": ""
          },
          "sensitive_attributes": [],
          "private": "eyJzY2hlbWFfdmVyc2lvbiI6IjEifQ==",
          "dependencies": [
            "data.aws_instance.selected",
            "data.aws_instances.selected"
          ]
        }
      ]
    },
    {
      "module": "module.eventbridge_rules[\"test1\"]",
      "mode": "data",
      "type": "aws_caller_identity",
      "name": "current",
      "provider": "provider[\"registry.terraform.io/hashicorp/aws\"]",
      "instances": [
        {
          "schema_version": 0,
          "attributes": {
            "account_id": "357820945061",
            "arn": "arn:aws:iam::357820945061:user/newwwwwww",
            "id": "357820945061",
            "user_id": "AIDAVGT6KKKSRWKS3IU7E"
          },
          "sensitive_attributes": []
        }
      ]
    },
    {
      "module": "module.eventbridge_rules[\"test1\"]",
      "mode": "managed",
      "type": "aws_cloudwatch_event_rule",
      "name": "ec2_events",
      "provider": "provider[\"registry.terraform.io/hashicorp/aws\"]",
      "instances": [
        {
          "index_key": "rebooted",
          "schema_version": 1,
          "attributes": {
            "arn": "arn:aws:events:ap-south-1:357820945061:rule/test1-rebooted-rule",
            "description": "Event rule for rebooted (priority: normal) on instance i-0959178f0dc53c0e8",
            "event_bus_name": "default",
            "event_pattern": "{\"detail\":{\"instance-id\":[\"i-0959178f0dc53c0e8\"],\"state\":[\"rebooted\"]},\"detail-type\":[\"EC2 Instance State-change Notification\"],\"source\":[\"aws.ec2\"]}",
            "force_destroy": false,
            "id": "test1-rebooted-rule",
            "is_enabled": true,
            "name": "test1-rebooted-rule",
            "name_prefix": "",
            "role_arn": "",
            "schedule_expression": "",
            "state": "ENABLED",
            "tags": {},
            "tags_all": {}
          },
          "sensitive_attributes": [],
          "private": "eyJzY2hlbWFfdmVyc2lvbiI6IjEifQ==",
          "dependencies": [
            "data.aws_instance.selected",
            "data.aws_instances.selected"
          ]
        },
        {
          "index_key": "stopped",
          "schema_version": 1,
          "attributes": {
            "arn": "arn:aws:events:ap-south-1:357820945061:rule/test1-stopped-rule",
            "description": "Event rule for stopped (priority: normal) on instance i-0959178f0dc53c0e8",
            "event_bus_name": "default",
            "event_pattern": "{\"detail\":{\"instance-id\":[\"i-0959178f0dc53c0e8\"],\"state\":[\"stopped\"]},\"detail-type\":[\"EC2 Instance State-change Notification\"],\"source\":[\"aws.ec2\"]}",
            "force_destroy": false,
            "id": "test1-stopped-rule",
            "is_enabled": true,
            "name": "test1-stopped-rule",
            "name_prefix": "",
            "role_arn": "",
            "schedule_expression": "",
            "state": "ENABLED",
            "tags": {},
            "tags_all": {}
          },
          "sensitive_attributes": [],
          "private": "eyJzY2hlbWFfdmVyc2lvbiI6IjEifQ==",
          "dependencies": [
            "data.aws_instance.selected",
            "data.aws_instances.selected"
          ]
        },
        {
          "index_key": "terminated",
          "schema_version": 1,
          "attributes": {
            "arn": "arn:aws:events:ap-south-1:357820945061:rule/test1-terminated-rule",
            "description": "Event rule for terminated (priority: critical) on instance i-0959178f0dc53c0e8",
            "event_bus_name": "default",
            "event_pattern": "{\"detail\":{\"instance-id\":[\"i-0959178f0dc53c0e8\"],\"state\":[\"terminated\"]},\"detail-type\":[\"EC2 Instance State-change Notification\"],\"source\":[\"aws.ec2\"]}",
            "force_destroy": false,
            "id": "test1-terminated-rule",
            "is_enabled": true,
            "name": "test1-terminated-rule",
            "name_prefix": "",
            "role_arn": "",
            "schedule_expression": "",
            "state": "ENABLED",
            "tags": {},
            "tags_all": {}
          },
          "sensitive_attributes": [],
          "private": "eyJzY2hlbWFfdmVyc2lvbiI6IjEifQ==",
          "dependencies": [
            "data.aws_instance.selected",
            "data.aws_instances.selected"
          ]
        }
      ]
    },
    {
      "module": "module.eventbridge_rules[\"test1\"]",
      "mode": "managed",
      "type": "aws_cloudwatch_event_target",
      "name": "ec2_target",
      "provider": "provider[\"registry.terraform.io/hashicorp/aws\"]",
      "instances": [
        {
          "index_key": "rebooted",
          "schema_version": 1,
          "attributes": {
            "appsync_target": [],
            "arn": "arn:aws:sns:ap-south-1:357820945061:ec2-state-change-topic",
            "batch_target": [],
            "dead_letter_config": [],
            "ecs_target": [],
            "event_bus_name": "default",
            "force_destroy": false,
            "http_target": [],
            "id": "test1-rebooted-rule-test1-rebooted-target",
            "input": "",
            "input_path": "",
            "input_transformer": [],
            "kinesis_target": [],
            "redshift_target": [],
            "retry_policy": [],
            "role_arn": "",
            "rule": "test1-rebooted-rule",
            "run_command_targets": [],
            "sagemaker_pipeline_target": [],
            "sqs_target": [],
            "target_id": "test1-rebooted-target"
          },
          "sensitive_attributes": [],
          "private": "eyJzY2hlbWFfdmVyc2lvbiI6IjEifQ==",
          "dependencies": [
            "data.aws_instance.selected",
            "data.aws_instances.selected",
            "module.eventbridge_rules.aws_cloudwatch_event_rule.ec2_events",
            "module.eventbridge_rules.aws_sns_topic.ec2_state_change"
          ]
        },
        {
          "index_key": "stopped",
          "schema_version": 1,
          "attributes": {
            "appsync_target": [],
            "arn": "arn:aws:sns:ap-south-1:357820945061:ec2-state-change-topic",
            "batch_target": [],
            "dead_letter_config": [],
            "ecs_target": [],
            "event_bus_name": "default",
            "force_destroy": false,
            "http_target": [],
            "id": "test1-stopped-rule-test1-stopped-target",
            "input": "",
            "input_path": "",
            "input_transformer": [],
            "kinesis_target": [],
            "redshift_target": [],
            "retry_policy": [],
            "role_arn": "",
            "rule": "test1-stopped-rule",
            "run_command_targets": [],
            "sagemaker_pipeline_target": [],
            "sqs_target": [],
            "target_id": "test1-stopped-target"
          },
          "sensitive_attributes": [],
          "private": "eyJzY2hlbWFfdmVyc2lvbiI6IjEifQ==",
          "dependencies": [
            "data.aws_instance.selected",
            "data.aws_instances.selected",
            "module.eventbridge_rules.aws_cloudwatch_event_rule.ec2_events",
            "module.eventbridge_rules.aws_sns_topic.ec2_state_change"
          ]
        },
        {
          "index_key": "terminated",
          "schema_version": 1,
          "attributes": {
            "appsync_target": [],
            "arn": "arn:aws:sns:ap-south-1:357820945061:ec2-state-change-topic",
            "batch_target": [],
            "dead_letter_config": [],
            "ecs_target": [],
            "event_bus_name": "default",
            "force_destroy": false,
            "http_target": [],
            "id": "test1-terminated-rule-test1-terminated-target",
            "input": "",
            "input_path": "",
            "input_transformer": [],
            "kinesis_target": [],
            "redshift_target": [],
            "retry_policy": [],
            "role_arn": "",
            "rule": "test1-terminated-rule",
            "run_command_targets": [],
            "sagemaker_pipeline_target": [],
            "sqs_target": [],
            "target_id": "test1-terminated-target"
          },
          "sensitive_attributes": [],
          "private": "eyJzY2hlbWFfdmVyc2lvbiI6IjEifQ==",
          "dependencies": [
            "data.aws_instance.selected",
            "data.aws_instances.selected",
            "module.eventbridge_rules.aws_cloudwatch_event_rule.ec2_events",
            "module.eventbridge_rules.aws_sns_topic.ec2_state_change"
          ]
        }
      ]
    },
    {
      "module": "module.eventbridge_rules[\"test1\"]",
      "mode": "managed",
      "type": "aws_sns_topic",
      "name": "ec2_state_change",
      "provider": "provider[\"registry.terraform.io/hashicorp/aws\"]",
      "instances": [
        {
          "schema_version": 0,
          "attributes": {
            "application_failure_feedback_role_arn": "",
            "application_success_feedback_role_arn": "",
            "application_success_feedback_sample_rate": 0,
            "archive_policy": "",
            "arn": "arn:aws:sns:ap-south-1:357820945061:ec2-state-change-topic",
            "beginning_archive_time": "",
            "content_based_deduplication": false,
            "delivery_policy": "",
            "display_name": "",
            "fifo_topic": false,
            "firehose_failure_feedback_role_arn": "",
            "firehose_success_feedback_role_arn": "",
            "firehose_success_feedback_sample_rate": 0,
            "http_failure_feedback_role_arn": "",
            "http_success_feedback_role_arn": "",
            "http_success_feedback_sample_rate": 0,
            "id": "arn:aws:sns:ap-south-1:357820945061:ec2-state-change-topic",
            "kms_master_key_id": "",
            "lambda_failure_feedback_role_arn": "",
            "lambda_success_feedback_role_arn": "",
            "lambda_success_feedback_sample_rate": 0,
            "name": "ec2-state-change-topic",
            "name_prefix": "",
            "owner": "357820945061",
            "policy": "{\"Statement\":[{\"Action\":\"SNS:Publish\",\"Effect\":\"Allow\",\"Principal\":{\"Service\":\"events.amazonaws.com\"},\"Resource\":\"*\",\"Sid\":\"AllowEventBridgeToPublish\"}],\"Version\":\"2012-10-17\"}",
            "signature_version": 0,
            "sqs_failure_feedback_role_arn": "",
            "sqs_success_feedback_role_arn": "",
            "sqs_success_feedback_sample_rate": 0,
            "tags": {},
            "tags_all": {},
            "tracing_config": ""
          },
          "sensitive_attributes": [],
          "private": "bnVsbA==",
          "dependencies": [
            "data.aws_instance.selected",
            "data.aws_instances.selected"
          ]
        }
      ]
    },
    {
      "module": "module.eventbridge_rules[\"test1\"]",
      "mode": "managed",
      "type": "aws_sns_topic_subscription",
      "name": "email_sub",
      "provider": "provider[\"registry.terraform.io/hashicorp/aws\"]",
      "instances": [
        {
          "schema_version": 0,
          "attributes": {
            "arn": "arn:aws:sns:ap-south-1:357820945061:ec2-state-change-topic:dea05be7-7967-4f4e-b0ba-9ee8bb968de7",
            "confirmation_timeout_in_minutes": 1,
            "confirmation_was_authenticated": false,
            "delivery_policy": "",
            "endpoint": "tejal13599@gmail.com",
            "endpoint_auto_confirms": false,
            "filter_policy": "",
            "filter_policy_scope": "",
            "id": "arn:aws:sns:ap-south-1:357820945061:ec2-state-change-topic:dea05be7-7967-4f4e-b0ba-9ee8bb968de7",
            "owner_id": "357820945061",
            "pending_confirmation": true,
            "protocol": "email",
            "raw_message_delivery": false,
            "redrive_policy": "",
            "replay_policy": "",
            "subscription_role_arn": "",
            "topic_arn": "arn:aws:sns:ap-south-1:357820945061:ec2-state-change-topic"
          },
          "sensitive_attributes": [],
          "private": "bnVsbA==",
          "dependencies": [
            "data.aws_instance.selected",
            "data.aws_instances.selected",
            "module.eventbridge_rules.aws_sns_topic.ec2_state_change"
          ]
        }
      ]
    },
    {
      "module": "module.eventbridge_rules[\"test2\"]",
      "mode": "data",
      "type": "aws_caller_identity",
      "name": "current",
      "provider": "provider[\"registry.terraform.io/hashicorp/aws\"]",
      "instances": [
        {
          "schema_version": 0,
          "attributes": {
            "account_id": "357820945061",
            "arn": "arn:aws:iam::357820945061:user/newwwwwww",
            "id": "357820945061",
            "user_id": "AIDAVGT6KKKSRWKS3IU7E"
          },
          "sensitive_attributes": []
        }
      ]
    },
    {
      "module": "module.eventbridge_rules[\"test2\"]",
      "mode": "managed",
      "type": "aws_cloudwatch_event_rule",
      "name": "ec2_events",
      "provider": "provider[\"registry.terraform.io/hashicorp/aws\"]",
      "instances": [
        {
          "index_key": "rebooted",
          "schema_version": 1,
          "attributes": {
            "arn": "arn:aws:events:ap-south-1:357820945061:rule/test2-rebooted-rule",
            "description": "Event rule for rebooted (priority: normal) on instance i-02ae562ce960c53c2",
            "event_bus_name": "default",
            "event_pattern": "{\"detail\":{\"instance-id\":[\"i-02ae562ce960c53c2\"],\"state\":[\"rebooted\"]},\"detail-type\":[\"EC2 Instance State-change Notification\"],\"source\":[\"aws.ec2\"]}",
            "force_destroy": false,
            "id": "test2-rebooted-rule",
            "is_enabled": true,
            "name": "test2-rebooted-rule",
            "name_prefix": "",
            "role_arn": "",
            "schedule_expression": "",
            "state": "ENABLED",
            "tags": {},
            "tags_all": {}
          },
          "sensitive_attributes": [],
          "private": "eyJzY2hlbWFfdmVyc2lvbiI6IjEifQ==",
          "dependencies": [
            "data.aws_instance.selected",
            "data.aws_instances.selected"
          ]
        },
        {
          "index_key": "stopped",
          "schema_version": 1,
          "attributes": {
            "arn": "arn:aws:events:ap-south-1:357820945061:rule/test2-stopped-rule",
            "description": "Event rule for stopped (priority: normal) on instance i-02ae562ce960c53c2",
            "event_bus_name": "default",
            "event_pattern": "{\"detail\":{\"instance-id\":[\"i-02ae562ce960c53c2\"],\"state\":[\"stopped\"]},\"detail-type\":[\"EC2 Instance State-change Notification\"],\"source\":[\"aws.ec2\"]}",
            "force_destroy": false,
            "id": "test2-stopped-rule",
            "is_enabled": true,
            "name": "test2-stopped-rule",
            "name_prefix": "",
            "role_arn": "",
            "schedule_expression": "",
            "state": "ENABLED",
            "tags": {},
            "tags_all": {}
          },
          "sensitive_attributes": [],
          "private": "eyJzY2hlbWFfdmVyc2lvbiI6IjEifQ==",
          "dependencies": [
            "data.aws_instance.selected",
            "data.aws_instances.selected"
          ]
        },
        {
          "index_key": "terminated",
          "schema_version": 1,
          "attributes": {
            "arn": "arn:aws:events:ap-south-1:357820945061:rule/test2-terminated-rule",
            "description": "Event rule for terminated (priority: critical) on instance i-02ae562ce960c53c2",
            "event_bus_name": "default",
            "event_pattern": "{\"detail\":{\"instance-id\":[\"i-02ae562ce960c53c2\"],\"state\":[\"terminated\"]},\"detail-type\":[\"EC2 Instance State-change Notification\"],\"source\":[\"aws.ec2\"]}",
            "force_destroy": false,
            "id": "test2-terminated-rule",
            "is_enabled": true,
            "name": "test2-terminated-rule",
            "name_prefix": "",
            "role_arn": "",
            "schedule_expression": "",
            "state": "ENABLED",
            "tags": {},
            "tags_all": {}
          },
          "sensitive_attributes": [],
          "private": "eyJzY2hlbWFfdmVyc2lvbiI6IjEifQ==",
          "dependencies": [
            "data.aws_instance.selected",
            "data.aws_instances.selected"
          ]
        }
      ]
    },
    {
      "module": "module.eventbridge_rules[\"test2\"]",
      "mode": "managed",
      "type": "aws_cloudwatch_event_target",
      "name": "ec2_target",
      "provider": "provider[\"registry.terraform.io/hashicorp/aws\"]",
      "instances": [
        {
          "index_key": "rebooted",
          "schema_version": 1,
          "attributes": {
            "appsync_target": [],
            "arn": "arn:aws:sns:ap-south-1:357820945061:ec2-state-change-topic",
            "batch_target": [],
            "dead_letter_config": [],
            "ecs_target": [],
            "event_bus_name": "default",
            "force_destroy": false,
            "http_target": [],
            "id": "test2-rebooted-rule-test2-rebooted-target",
            "input": "",
            "input_path": "",
            "input_transformer": [],
            "kinesis_target": [],
            "redshift_target": [],
            "retry_policy": [],
            "role_arn": "",
            "rule": "test2-rebooted-rule",
            "run_command_targets": [],
            "sagemaker_pipeline_target": [],
            "sqs_target": [],
            "target_id": "test2-rebooted-target"
          },
          "sensitive_attributes": [],
          "private": "eyJzY2hlbWFfdmVyc2lvbiI6IjEifQ==",
          "dependencies": [
            "data.aws_instance.selected",
            "data.aws_instances.selected",
            "module.eventbridge_rules.aws_cloudwatch_event_rule.ec2_events",
            "module.eventbridge_rules.aws_sns_topic.ec2_state_change"
          ]
        },
        {
          "index_key": "stopped",
          "schema_version": 1,
          "attributes": {
            "appsync_target": [],
            "arn": "arn:aws:sns:ap-south-1:357820945061:ec2-state-change-topic",
            "batch_target": [],
            "dead_letter_config": [],
            "ecs_target": [],
            "event_bus_name": "default",
            "force_destroy": false,
            "http_target": [],
            "id": "test2-stopped-rule-test2-stopped-target",
            "input": "",
            "input_path": "",
            "input_transformer": [],
            "kinesis_target": [],
            "redshift_target": [],
            "retry_policy": [],
            "role_arn": "",
            "rule": "test2-stopped-rule",
            "run_command_targets": [],
            "sagemaker_pipeline_target": [],
            "sqs_target": [],
            "target_id": "test2-stopped-target"
          },
          "sensitive_attributes": [],
          "private": "eyJzY2hlbWFfdmVyc2lvbiI6IjEifQ==",
          "dependencies": [
            "data.aws_instance.selected",
            "data.aws_instances.selected",
            "module.eventbridge_rules.aws_cloudwatch_event_rule.ec2_events",
            "module.eventbridge_rules.aws_sns_topic.ec2_state_change"
          ]
        },
        {
          "index_key": "terminated",
          "schema_version": 1,
          "attributes": {
            "appsync_target": [],
            "arn": "arn:aws:sns:ap-south-1:357820945061:ec2-state-change-topic",
            "batch_target": [],
            "dead_letter_config": [],
            "ecs_target": [],
            "event_bus_name": "default",
            "force_destroy": false,
            "http_target": [],
            "id": "test2-terminated-rule-test2-terminated-target",
            "input": "",
            "input_path": "",
            "input_transformer": [],
            "kinesis_target": [],
            "redshift_target": [],
            "retry_policy": [],
            "role_arn": "",
            "rule": "test2-terminated-rule",
            "run_command_targets": [],
            "sagemaker_pipeline_target": [],
            "sqs_target": [],
            "target_id": "test2-terminated-target"
          },
          "sensitive_attributes": [],
          "private": "eyJzY2hlbWFfdmVyc2lvbiI6IjEifQ==",
          "dependencies": [
            "data.aws_instance.selected",
            "data.aws_instances.selected",
            "module.eventbridge_rules.aws_cloudwatch_event_rule.ec2_events",
            "module.eventbridge_rules.aws_sns_topic.ec2_state_change"
          ]
        }
      ]
    },
    {
      "module": "module.eventbridge_rules[\"test2\"]",
      "mode": "managed",
      "type": "aws_sns_topic",
      "name": "ec2_state_change",
      "provider": "provider[\"registry.terraform.io/hashicorp/aws\"]",
      "instances": [
        {
          "schema_version": 0,
          "attributes": {
            "application_failure_feedback_role_arn": "",
            "application_success_feedback_role_arn": "",
            "application_success_feedback_sample_rate": 0,
            "archive_policy": "",
            "arn": "arn:aws:sns:ap-south-1:357820945061:ec2-state-change-topic",
            "beginning_archive_time": "",
            "content_based_deduplication": false,
            "delivery_policy": "",
            "display_name": "",
            "fifo_topic": false,
            "firehose_failure_feedback_role_arn": "",
            "firehose_success_feedback_role_arn": "",
            "firehose_success_feedback_sample_rate": 0,
            "http_failure_feedback_role_arn": "",
            "http_success_feedback_role_arn": "",
            "http_success_feedback_sample_rate": 0,
            "id": "arn:aws:sns:ap-south-1:357820945061:ec2-state-change-topic",
            "kms_master_key_id": "",
            "lambda_failure_feedback_role_arn": "",
            "lambda_success_feedback_role_arn": "",
            "lambda_success_feedback_sample_rate": 0,
            "name": "ec2-state-change-topic",
            "name_prefix": "",
            "owner": "357820945061",
            "policy": "{\"Statement\":[{\"Action\":\"SNS:Publish\",\"Effect\":\"Allow\",\"Principal\":{\"Service\":\"events.amazonaws.com\"},\"Resource\":\"*\",\"Sid\":\"AllowEventBridgeToPublish\"}],\"Version\":\"2012-10-17\"}",
            "signature_version": 0,
            "sqs_failure_feedback_role_arn": "",
            "sqs_success_feedback_role_arn": "",
            "sqs_success_feedback_sample_rate": 0,
            "tags": {},
            "tags_all": {},
            "tracing_config": ""
          },
          "sensitive_attributes": [],
          "private": "bnVsbA==",
          "dependencies": [
            "data.aws_instance.selected",
            "data.aws_instances.selected"
          ]
        }
      ]
    },
    {
      "module": "module.eventbridge_rules[\"test2\"]",
      "mode": "managed",
      "type": "aws_sns_topic_subscription",
      "name": "email_sub",
      "provider": "provider[\"registry.terraform.io/hashicorp/aws\"]",
      "instances": [
        {
          "schema_version": 0,
          "attributes": {
            "arn": "arn:aws:sns:ap-south-1:357820945061:ec2-state-change-topic:dea05be7-7967-4f4e-b0ba-9ee8bb968de7",
            "confirmation_timeout_in_minutes": 1,
            "confirmation_was_authenticated": false,
            "delivery_policy": "",
            "endpoint": "tejal13599@gmail.com",
            "endpoint_auto_confirms": false,
            "filter_policy": "",
            "filter_policy_scope": "",
            "id": "arn:aws:sns:ap-south-1:357820945061:ec2-state-change-topic:dea05be7-7967-4f4e-b0ba-9ee8bb968de7",
            "owner_id": "357820945061",
            "pending_confirmation": true,
            "protocol": "email",
            "raw_message_delivery": false,
            "redrive_policy": "",
            "replay_policy": "",
            "subscription_role_arn": "",
            "topic_arn": "arn:aws:sns:ap-south-1:357820945061:ec2-state-change-topic"
          },
          "sensitive_attributes": [],
          "private": "bnVsbA==",
          "dependencies": [
            "data.aws_instance.selected",
            "data.aws_instances.selected",
            "module.eventbridge_rules.aws_sns_topic.ec2_state_change"
          ]
        }
      ]
    },
    {
      "module": "module.eventbridge_rules[\"window1\"]",
      "mode": "data",
      "type": "aws_caller_identity",
      "name": "current",
      "provider": "provider[\"registry.terraform.io/hashicorp/aws\"]",
      "instances": [
        {
          "schema_version": 0,
          "attributes": {
            "account_id": "357820945061",
            "arn": "arn:aws:iam::357820945061:user/newwwwwww",
            "id": "357820945061",
            "user_id": "AIDAVGT6KKKSRWKS3IU7E"
          },
          "sensitive_attributes": []
        }
      ]
    },
    {
      "module": "module.eventbridge_rules[\"window1\"]",
      "mode": "managed",
      "type": "aws_cloudwatch_event_rule",
      "name": "ec2_events",
      "provider": "provider[\"registry.terraform.io/hashicorp/aws\"]",
      "instances": [
        {
          "index_key": "rebooted",
          "schema_version": 1,
          "attributes": {
            "arn": "arn:aws:events:ap-south-1:357820945061:rule/window1-rebooted-rule",
            "description": "Event rule for rebooted (priority: normal) on instance i-03776b981af596d8a",
            "event_bus_name": "default",
            "event_pattern": "{\"detail\":{\"instance-id\":[\"i-03776b981af596d8a\"],\"state\":[\"rebooted\"]},\"detail-type\":[\"EC2 Instance State-change Notification\"],\"source\":[\"aws.ec2\"]}",
            "force_destroy": false,
            "id": "window1-rebooted-rule",
            "is_enabled": true,
            "name": "window1-rebooted-rule",
            "name_prefix": "",
            "role_arn": "",
            "schedule_expression": "",
            "state": "ENABLED",
            "tags": {},
            "tags_all": {}
          },
          "sensitive_attributes": [],
          "private": "eyJzY2hlbWFfdmVyc2lvbiI6IjEifQ==",
          "dependencies": [
            "data.aws_instance.selected",
            "data.aws_instances.selected"
          ]
        },
        {
          "index_key": "stopped",
          "schema_version": 1,
          "attributes": {
            "arn": "arn:aws:events:ap-south-1:357820945061:rule/window1-stopped-rule",
            "description": "Event rule for stopped (priority: normal) on instance i-03776b981af596d8a",
            "event_bus_name": "default",
            "event_pattern": "{\"detail\":{\"instance-id\":[\"i-03776b981af596d8a\"],\"state\":[\"stopped\"]},\"detail-type\":[\"EC2 Instance State-change Notification\"],\"source\":[\"aws.ec2\"]}",
            "force_destroy": false,
            "id": "window1-stopped-rule",
            "is_enabled": true,
            "name": "window1-stopped-rule",
            "name_prefix": "",
            "role_arn": "",
            "schedule_expression": "",
            "state": "ENABLED",
            "tags": {},
            "tags_all": {}
          },
          "sensitive_attributes": [],
          "private": "eyJzY2hlbWFfdmVyc2lvbiI6IjEifQ==",
          "dependencies": [
            "data.aws_instance.selected",
            "data.aws_instances.selected"
          ]
        },
        {
          "index_key": "terminated",
          "schema_version": 1,
          "attributes": {
            "arn": "arn:aws:events:ap-south-1:357820945061:rule/window1-terminated-rule",
            "description": "Event rule for terminated (priority: critical) on instance i-03776b981af596d8a",
            "event_bus_name": "default",
            "event_pattern": "{\"detail\":{\"instance-id\":[\"i-03776b981af596d8a\"],\"state\":[\"terminated\"]},\"detail-type\":[\"EC2 Instance State-change Notification\"],\"source\":[\"aws.ec2\"]}",
            "force_destroy": false,
            "id": "window1-terminated-rule",
            "is_enabled": true,
            "name": "window1-terminated-rule",
            "name_prefix": "",
            "role_arn": "",
            "schedule_expression": "",
            "state": "ENABLED",
            "tags": {},
            "tags_all": {}
          },
          "sensitive_attributes": [],
          "private": "eyJzY2hlbWFfdmVyc2lvbiI6IjEifQ==",
          "dependencies": [
            "data.aws_instance.selected",
            "data.aws_instances.selected"
          ]
        }
      ]
    },
    {
      "module": "module.eventbridge_rules[\"window1\"]",
      "mode": "managed",
      "type": "aws_cloudwatch_event_target",
      "name": "ec2_target",
      "provider": "provider[\"registry.terraform.io/hashicorp/aws\"]",
      "instances": [
        {
          "index_key": "rebooted",
          "schema_version": 1,
          "attributes": {
            "appsync_target": [],
            "arn": "arn:aws:sns:ap-south-1:357820945061:ec2-state-change-topic",
            "batch_target": [],
            "dead_letter_config": [],
            "ecs_target": [],
            "event_bus_name": "default",
            "force_destroy": false,
            "http_target": [],
            "id": "window1-rebooted-rule-window1-rebooted-target",
            "input": "",
            "input_path": "",
            "input_transformer": [],
            "kinesis_target": [],
            "redshift_target": [],
            "retry_policy": [],
            "role_arn": "",
            "rule": "window1-rebooted-rule",
            "run_command_targets": [],
            "sagemaker_pipeline_target": [],
            "sqs_target": [],
            "target_id": "window1-rebooted-target"
          },
          "sensitive_attributes": [],
          "private": "eyJzY2hlbWFfdmVyc2lvbiI6IjEifQ==",
          "dependencies": [
            "data.aws_instance.selected",
            "data.aws_instances.selected",
            "module.eventbridge_rules.aws_cloudwatch_event_rule.ec2_events",
            "module.eventbridge_rules.aws_sns_topic.ec2_state_change"
          ]
        },
        {
          "index_key": "stopped",
          "schema_version": 1,
          "attributes": {
            "appsync_target": [],
            "arn": "arn:aws:sns:ap-south-1:357820945061:ec2-state-change-topic",
            "batch_target": [],
            "dead_letter_config": [],
            "ecs_target": [],
            "event_bus_name": "default",
            "force_destroy": false,
            "http_target": [],
            "id": "window1-stopped-rule-window1-stopped-target",
            "input": "",
            "input_path": "",
            "input_transformer": [],
            "kinesis_target": [],
            "redshift_target": [],
            "retry_policy": [],
            "role_arn": "",
            "rule": "window1-stopped-rule",
            "run_command_targets": [],
            "sagemaker_pipeline_target": [],
            "sqs_target": [],
            "target_id": "window1-stopped-target"
          },
          "sensitive_attributes": [],
          "private": "eyJzY2hlbWFfdmVyc2lvbiI6IjEifQ==",
          "dependencies": [
            "data.aws_instance.selected",
            "data.aws_instances.selected",
            "module.eventbridge_rules.aws_cloudwatch_event_rule.ec2_events",
            "module.eventbridge_rules.aws_sns_topic.ec2_state_change"
          ]
        },
        {
          "index_key": "terminated",
          "schema_version": 1,
          "attributes": {
            "appsync_target": [],
            "arn": "arn:aws:sns:ap-south-1:357820945061:ec2-state-change-topic",
            "batch_target": [],
            "dead_letter_config": [],
            "ecs_target": [],
            "event_bus_name": "default",
            "force_destroy": false,
            "http_target": [],
            "id": "window1-terminated-rule-window1-terminated-target",
            "input": "",
            "input_path": "",
            "input_transformer": [],
            "kinesis_target": [],
            "redshift_target": [],
            "retry_policy": [],
            "role_arn": "",
            "rule": "window1-terminated-rule",
            "run_command_targets": [],
            "sagemaker_pipeline_target": [],
            "sqs_target": [],
            "target_id": "window1-terminated-target"
          },
          "sensitive_attributes": [],
          "private": "eyJzY2hlbWFfdmVyc2lvbiI6IjEifQ==",
          "dependencies": [
            "data.aws_instance.selected",
            "data.aws_instances.selected",
            "module.eventbridge_rules.aws_cloudwatch_event_rule.ec2_events",
            "module.eventbridge_rules.aws_sns_topic.ec2_state_change"
          ]
        }
      ]
    },
    {
      "module": "module.eventbridge_rules[\"window1\"]",
      "mode": "managed",
      "type": "aws_sns_topic",
      "name": "ec2_state_change",
      "provider": "provider[\"registry.terraform.io/hashicorp/aws\"]",
      "instances": [
        {
          "schema_version": 0,
          "attributes": {
            "application_failure_feedback_role_arn": "",
            "application_success_feedback_role_arn": "",
            "application_success_feedback_sample_rate": 0,
            "archive_policy": "",
            "arn": "arn:aws:sns:ap-south-1:357820945061:ec2-state-change-topic",
            "beginning_archive_time": "",
            "content_based_deduplication": false,
            "delivery_policy": "",
            "display_name": "",
            "fifo_topic": false,
            "firehose_failure_feedback_role_arn": "",
            "firehose_success_feedback_role_arn": "",
            "firehose_success_feedback_sample_rate": 0,
            "http_failure_feedback_role_arn": "",
            "http_success_feedback_role_arn": "",
            "http_success_feedback_sample_rate": 0,
            "id": "arn:aws:sns:ap-south-1:357820945061:ec2-state-change-topic",
            "kms_master_key_id": "",
            "lambda_failure_feedback_role_arn": "",
            "lambda_success_feedback_role_arn": "",
            "lambda_success_feedback_sample_rate": 0,
            "name": "ec2-state-change-topic",
            "name_prefix": "",
            "owner": "357820945061",
            "policy": "{\"Statement\":[{\"Action\":\"SNS:Publish\",\"Effect\":\"Allow\",\"Principal\":{\"Service\":\"events.amazonaws.com\"},\"Resource\":\"*\",\"Sid\":\"AllowEventBridgeToPublish\"}],\"Version\":\"2012-10-17\"}",
            "signature_version": 0,
            "sqs_failure_feedback_role_arn": "",
            "sqs_success_feedback_role_arn": "",
            "sqs_success_feedback_sample_rate": 0,
            "tags": {},
            "tags_all": {},
            "tracing_config": ""
          },
          "sensitive_attributes": [],
          "private": "bnVsbA==",
          "dependencies": [
            "data.aws_instance.selected",
            "data.aws_instances.selected"
          ]
        }
      ]
    },
    {
      "module": "module.eventbridge_rules[\"window1\"]",
      "mode": "managed",
      "type": "aws_sns_topic_subscription",
      "name": "email_sub",
      "provider": "provider[\"registry.terraform.io/hashicorp/aws\"]",
      "instances": [
        {
          "schema_version": 0,
          "attributes": {
            "arn": "arn:aws:sns:ap-south-1:357820945061:ec2-state-change-topic:dea05be7-7967-4f4e-b0ba-9ee8bb968de7",
            "confirmation_timeout_in_minutes": 1,
            "confirmation_was_authenticated": false,
            "delivery_policy": "",
            "endpoint": "tejal13599@gmail.com",
            "endpoint_auto_confirms": false,
            "filter_policy": "",
            "filter_policy_scope": "",
            "id": "arn:aws:sns:ap-south-1:357820945061:ec2-state-change-topic:dea05be7-7967-4f4e-b0ba-9ee8bb968de7",
            "owner_id": "357820945061",
            "pending_confirmation": true,
            "protocol": "email",
            "raw_message_delivery": false,
            "redrive_policy": "",
            "replay_policy": "",
            "subscription_role_arn": "",
            "topic_arn": "arn:aws:sns:ap-south-1:357820945061:ec2-state-change-topic"
          },
          "sensitive_attributes": [],
          "private": "bnVsbA==",
          "dependencies": [
            "data.aws_instance.selected",
            "data.aws_instances.selected",
            "module.eventbridge_rules.aws_sns_topic.ec2_state_change"
          ]
        }
      ]
    },
    {
      "module": "module.eventbridge_rules[\"window2\"]",
      "mode": "data",
      "type": "aws_caller_identity",
      "name": "current",
      "provider": "provider[\"registry.terraform.io/hashicorp/aws\"]",
      "instances": [
        {
          "schema_version": 0,
          "attributes": {
            "account_id": "357820945061",
            "arn": "arn:aws:iam::357820945061:user/newwwwwww",
            "id": "357820945061",
            "user_id": "AIDAVGT6KKKSRWKS3IU7E"
          },
          "sensitive_attributes": []
        }
      ]
    },
    {
      "module": "module.eventbridge_rules[\"window2\"]",
      "mode": "managed",
      "type": "aws_cloudwatch_event_rule",
      "name": "ec2_events",
      "provider": "provider[\"registry.terraform.io/hashicorp/aws\"]",
      "instances": [
        {
          "index_key": "rebooted",
          "schema_version": 1,
          "attributes": {
            "arn": "arn:aws:events:ap-south-1:357820945061:rule/window2-rebooted-rule",
            "description": "Event rule for rebooted (priority: normal) on instance i-07d802946a1671188",
            "event_bus_name": "default",
            "event_pattern": "{\"detail\":{\"instance-id\":[\"i-07d802946a1671188\"],\"state\":[\"rebooted\"]},\"detail-type\":[\"EC2 Instance State-change Notification\"],\"source\":[\"aws.ec2\"]}",
            "force_destroy": false,
            "id": "window2-rebooted-rule",
            "is_enabled": true,
            "name": "window2-rebooted-rule",
            "name_prefix": "",
            "role_arn": "",
            "schedule_expression": "",
            "state": "ENABLED",
            "tags": {},
            "tags_all": {}
          },
          "sensitive_attributes": [],
          "private": "eyJzY2hlbWFfdmVyc2lvbiI6IjEifQ==",
          "dependencies": [
            "data.aws_instance.selected",
            "data.aws_instances.selected"
          ]
        },
        {
          "index_key": "stopped",
          "schema_version": 1,
          "attributes": {
            "arn": "arn:aws:events:ap-south-1:357820945061:rule/window2-stopped-rule",
            "description": "Event rule for stopped (priority: normal) on instance i-07d802946a1671188",
            "event_bus_name": "default",
            "event_pattern": "{\"detail\":{\"instance-id\":[\"i-07d802946a1671188\"],\"state\":[\"stopped\"]},\"detail-type\":[\"EC2 Instance State-change Notification\"],\"source\":[\"aws.ec2\"]}",
            "force_destroy": false,
            "id": "window2-stopped-rule",
            "is_enabled": true,
            "name": "window2-stopped-rule",
            "name_prefix": "",
            "role_arn": "",
            "schedule_expression": "",
            "state": "ENABLED",
            "tags": {},
            "tags_all": {}
          },
          "sensitive_attributes": [],
          "private": "eyJzY2hlbWFfdmVyc2lvbiI6IjEifQ==",
          "dependencies": [
            "data.aws_instance.selected",
            "data.aws_instances.selected"
          ]
        },
        {
          "index_key": "terminated",
          "schema_version": 1,
          "attributes": {
            "arn": "arn:aws:events:ap-south-1:357820945061:rule/window2-terminated-rule",
            "description": "Event rule for terminated (priority: critical) on instance i-07d802946a1671188",
            "event_bus_name": "default",
            "event_pattern": "{\"detail\":{\"instance-id\":[\"i-07d802946a1671188\"],\"state\":[\"terminated\"]},\"detail-type\":[\"EC2 Instance State-change Notification\"],\"source\":[\"aws.ec2\"]}",
            "force_destroy": false,
            "id": "window2-terminated-rule",
            "is_enabled": true,
            "name": "window2-terminated-rule",
            "name_prefix": "",
            "role_arn": "",
            "schedule_expression": "",
            "state": "ENABLED",
            "tags": {},
            "tags_all": {}
          },
          "sensitive_attributes": [],
          "private": "eyJzY2hlbWFfdmVyc2lvbiI6IjEifQ==",
          "dependencies": [
            "data.aws_instance.selected",
            "data.aws_instances.selected"
          ]
        }
      ]
    },
    {
      "module": "module.eventbridge_rules[\"window2\"]",
      "mode": "managed",
      "type": "aws_cloudwatch_event_target",
      "name": "ec2_target",
      "provider": "provider[\"registry.terraform.io/hashicorp/aws\"]",
      "instances": [
        {
          "index_key": "rebooted",
          "schema_version": 1,
          "attributes": {
            "appsync_target": [],
            "arn": "arn:aws:sns:ap-south-1:357820945061:ec2-state-change-topic",
            "batch_target": [],
            "dead_letter_config": [],
            "ecs_target": [],
            "event_bus_name": "default",
            "force_destroy": false,
            "http_target": [],
            "id": "window2-rebooted-rule-window2-rebooted-target",
            "input": "",
            "input_path": "",
            "input_transformer": [],
            "kinesis_target": [],
            "redshift_target": [],
            "retry_policy": [],
            "role_arn": "",
            "rule": "window2-rebooted-rule",
            "run_command_targets": [],
            "sagemaker_pipeline_target": [],
            "sqs_target": [],
            "target_id": "window2-rebooted-target"
          },
          "sensitive_attributes": [],
          "private": "eyJzY2hlbWFfdmVyc2lvbiI6IjEifQ==",
          "dependencies": [
            "data.aws_instance.selected",
            "data.aws_instances.selected",
            "module.eventbridge_rules.aws_cloudwatch_event_rule.ec2_events",
            "module.eventbridge_rules.aws_sns_topic.ec2_state_change"
          ]
        },
        {
          "index_key": "stopped",
          "schema_version": 1,
          "attributes": {
            "appsync_target": [],
            "arn": "arn:aws:sns:ap-south-1:357820945061:ec2-state-change-topic",
            "batch_target": [],
            "dead_letter_config": [],
            "ecs_target": [],
            "event_bus_name": "default",
            "force_destroy": false,
            "http_target": [],
            "id": "window2-stopped-rule-window2-stopped-target",
            "input": "",
            "input_path": "",
            "input_transformer": [],
            "kinesis_target": [],
            "redshift_target": [],
            "retry_policy": [],
            "role_arn": "",
            "rule": "window2-stopped-rule",
            "run_command_targets": [],
            "sagemaker_pipeline_target": [],
            "sqs_target": [],
            "target_id": "window2-stopped-target"
          },
          "sensitive_attributes": [],
          "private": "eyJzY2hlbWFfdmVyc2lvbiI6IjEifQ==",
          "dependencies": [
            "data.aws_instance.selected",
            "data.aws_instances.selected",
            "module.eventbridge_rules.aws_cloudwatch_event_rule.ec2_events",
            "module.eventbridge_rules.aws_sns_topic.ec2_state_change"
          ]
        },
        {
          "index_key": "terminated",
          "schema_version": 1,
          "attributes": {
            "appsync_target": [],
            "arn": "arn:aws:sns:ap-south-1:357820945061:ec2-state-change-topic",
            "batch_target": [],
            "dead_letter_config": [],
            "ecs_target": [],
            "event_bus_name": "default",
            "force_destroy": false,
            "http_target": [],
            "id": "window2-terminated-rule-window2-terminated-target",
            "input": "",
            "input_path": "",
            "input_transformer": [],
            "kinesis_target": [],
            "redshift_target": [],
            "retry_policy": [],
            "role_arn": "",
            "rule": "window2-terminated-rule",
            "run_command_targets": [],
            "sagemaker_pipeline_target": [],
            "sqs_target": [],
            "target_id": "window2-terminated-target"
          },
          "sensitive_attributes": [],
          "private": "eyJzY2hlbWFfdmVyc2lvbiI6IjEifQ==",
          "dependencies": [
            "data.aws_instance.selected",
            "data.aws_instances.selected",
            "module.eventbridge_rules.aws_cloudwatch_event_rule.ec2_events",
            "module.eventbridge_rules.aws_sns_topic.ec2_state_change"
          ]
        }
      ]
    },
    {
      "module": "module.eventbridge_rules[\"window2\"]",
      "mode": "managed",
      "type": "aws_sns_topic",
      "name": "ec2_state_change",
      "provider": "provider[\"registry.terraform.io/hashicorp/aws\"]",
      "instances": [
        {
          "schema_version": 0,
          "attributes": {
            "application_failure_feedback_role_arn": "",
            "application_success_feedback_role_arn": "",
            "application_success_feedback_sample_rate": 0,
            "archive_policy": "",
            "arn": "arn:aws:sns:ap-south-1:357820945061:ec2-state-change-topic",
            "beginning_archive_time": "",
            "content_based_deduplication": false,
            "delivery_policy": "",
            "display_name": "",
            "fifo_topic": false,
            "firehose_failure_feedback_role_arn": "",
            "firehose_success_feedback_role_arn": "",
            "firehose_success_feedback_sample_rate": 0,
            "http_failure_feedback_role_arn": "",
            "http_success_feedback_role_arn": "",
            "http_success_feedback_sample_rate": 0,
            "id": "arn:aws:sns:ap-south-1:357820945061:ec2-state-change-topic",
            "kms_master_key_id": "",
            "lambda_failure_feedback_role_arn": "",
            "lambda_success_feedback_role_arn": "",
            "lambda_success_feedback_sample_rate": 0,
            "name": "ec2-state-change-topic",
            "name_prefix": "",
            "owner": "357820945061",
            "policy": "{\"Statement\":[{\"Action\":\"SNS:Publish\",\"Effect\":\"Allow\",\"Principal\":{\"Service\":\"events.amazonaws.com\"},\"Resource\":\"*\",\"Sid\":\"AllowEventBridgeToPublish\"}],\"Version\":\"2012-10-17\"}",
            "signature_version": 0,
            "sqs_failure_feedback_role_arn": "",
            "sqs_success_feedback_role_arn": "",
            "sqs_success_feedback_sample_rate": 0,
            "tags": {},
            "tags_all": {},
            "tracing_config": ""
          },
          "sensitive_attributes": [],
          "private": "bnVsbA==",
          "dependencies": [
            "data.aws_instance.selected",
            "data.aws_instances.selected"
          ]
        }
      ]
    },
    {
      "module": "module.eventbridge_rules[\"window2\"]",
      "mode": "managed",
      "type": "aws_sns_topic_subscription",
      "name": "email_sub",
      "provider": "provider[\"registry.terraform.io/hashicorp/aws\"]",
      "instances": [
        {
          "schema_version": 0,
          "attributes": {
            "arn": "arn:aws:sns:ap-south-1:357820945061:ec2-state-change-topic:dea05be7-7967-4f4e-b0ba-9ee8bb968de7",
            "confirmation_timeout_in_minutes": 1,
            "confirmation_was_authenticated": false,
            "delivery_policy": "",
            "endpoint": "tejal13599@gmail.com",
            "endpoint_auto_confirms": false,
            "filter_policy": "",
            "filter_policy_scope": "",
            "id": "arn:aws:sns:ap-south-1:357820945061:ec2-state-change-topic:dea05be7-7967-4f4e-b0ba-9ee8bb968de7",
            "owner_id": "357820945061",
            "pending_confirmation": true,
            "protocol": "email",
            "raw_message_delivery": false,
            "redrive_policy": "",
            "replay_policy": "",
            "subscription_role_arn": "",
            "topic_arn": "arn:aws:sns:ap-south-1:357820945061:ec2-state-change-topic"
          },
          "sensitive_attributes": [],
          "private": "bnVsbA==",
          "dependencies": [
            "data.aws_instance.selected",
            "data.aws_instances.selected",
            "module.eventbridge_rules.aws_sns_topic.ec2_state_change"
          ]
        }
      ]
    },
    {
      "module": "module.memory_alarms[\"test1\"]",
      "mode": "managed",
      "type": "aws_cloudwatch_metric_alarm",
      "name": "memory_alarms",
      "provider": "provider[\"registry.terraform.io/hashicorp/aws\"]",
      "instances": [
        {
          "index_key": "i-0959178f0dc53c0e8-0",
          "schema_version": 1,
          "attributes": {
            "actions_enabled": true,
            "alarm_actions": [
              "arn:aws:sns:ap-south-1:980636705122:high-ram-cross-ac"
            ],
            "alarm_description": "Alarm for 0 on instance i-0959178f0dc53c0e8 \u003e 40",
            "alarm_name": "Memory-0-40",
            "arn": "arn:aws:cloudwatch:ap-south-1:357820945061:alarm:Memory-0-40",
            "comparison_operator": "GreaterThanThreshold",
            "datapoints_to_alarm": 0,
            "dimensions": {
              "ImageId": "Linux",
              "InstanceId": "i-0959178f0dc53c0e8"
            },
            "evaluate_low_sample_count_percentiles": "",
            "evaluation_periods": 1,
            "extended_statistic": "",
            "id": "Memory-0-40",
            "insufficient_data_actions": [],
            "metric_name": "0",
            "metric_query": [],
            "namespace": "CWAgent",
            "ok_actions": [
              "arn:aws:sns:ap-south-1:980636705122:high-ram-cross-ac"
            ],
            "period": 300,
            "statistic": "Average",
            "tags": {},
            "tags_all": {},
            "threshold": 40,
            "threshold_metric_id": "",
            "treat_missing_data": "notBreaching",
            "unit": ""
          },
          "sensitive_attributes": [],
          "private": "eyJzY2hlbWFfdmVyc2lvbiI6IjEifQ==",
          "dependencies": [
            "data.aws_instance.selected",
            "data.aws_instances.selected"
          ]
        },
        {
          "index_key": "i-0959178f0dc53c0e8-1",
          "schema_version": 1,
          "attributes": {
            "actions_enabled": true,
            "alarm_actions": [
              "arn:aws:sns:ap-south-1:980636705122:high-ram-cross-ac"
            ],
            "alarm_description": "Alarm for 1 on instance i-0959178f0dc53c0e8 \u003e 80",
            "alarm_name": "Memory-1-80",
            "arn": "arn:aws:cloudwatch:ap-south-1:357820945061:alarm:Memory-1-80",
            "comparison_operator": "GreaterThanThreshold",
            "datapoints_to_alarm": 0,
            "dimensions": {
              "ImageId": "Linux",
              "InstanceId": "i-0959178f0dc53c0e8"
            },
            "evaluate_low_sample_count_percentiles": "",
            "evaluation_periods": 1,
            "extended_statistic": "",
            "id": "Memory-1-80",
            "insufficient_data_actions": [],
            "metric_name": "1",
            "metric_query": [],
            "namespace": "CWAgent",
            "ok_actions": [
              "arn:aws:sns:ap-south-1:980636705122:high-ram-cross-ac"
            ],
            "period": 300,
            "statistic": "Average",
            "tags": {},
            "tags_all": {},
            "threshold": 80,
            "threshold_metric_id": "",
            "treat_missing_data": "notBreaching",
            "unit": ""
          },
          "sensitive_attributes": [],
          "private": "eyJzY2hlbWFfdmVyc2lvbiI6IjEifQ==",
          "dependencies": [
            "data.aws_instance.selected",
            "data.aws_instances.selected"
          ]
        },
        {
          "index_key": "i-0959178f0dc53c0e8-2",
          "schema_version": 1,
          "attributes": {
            "actions_enabled": true,
            "alarm_actions": [
              "arn:aws:sns:ap-south-1:980636705122:high-ram-cross-ac"
            ],
            "alarm_description": "Alarm for 2 on instance i-0959178f0dc53c0e8 \u003e 90",
            "alarm_name": "Memory-2-90",
            "arn": "arn:aws:cloudwatch:ap-south-1:357820945061:alarm:Memory-2-90",
            "comparison_operator": "GreaterThanThreshold",
            "datapoints_to_alarm": 0,
            "dimensions": {
              "ImageId": "Linux",
              "InstanceId": "i-0959178f0dc53c0e8"
            },
            "evaluate_low_sample_count_percentiles": "",
            "evaluation_periods": 1,
            "extended_statistic": "",
            "id": "Memory-2-90",
            "insufficient_data_actions": [],
            "metric_name": "2",
            "metric_query": [],
            "namespace": "CWAgent",
            "ok_actions": [
              "arn:aws:sns:ap-south-1:980636705122:high-ram-cross-ac"
            ],
            "period": 300,
            "statistic": "Average",
            "tags": {},
            "tags_all": {},
            "threshold": 90,
            "threshold_metric_id": "",
            "treat_missing_data": "notBreaching",
            "unit": ""
          },
          "sensitive_attributes": [],
          "private": "eyJzY2hlbWFfdmVyc2lvbiI6IjEifQ==",
          "dependencies": [
            "data.aws_instance.selected",
            "data.aws_instances.selected"
          ]
        }
      ]
    },
    {
      "module": "module.memory_alarms[\"test2\"]",
      "mode": "managed",
      "type": "aws_cloudwatch_metric_alarm",
      "name": "memory_alarms",
      "provider": "provider[\"registry.terraform.io/hashicorp/aws\"]",
      "instances": [
        {
          "index_key": "i-02ae562ce960c53c2-0",
          "schema_version": 1,
          "attributes": {
            "actions_enabled": true,
            "alarm_actions": [
              "arn:aws:sns:ap-south-1:980636705122:high-ram-cross-ac"
            ],
            "alarm_description": "Alarm for 0 on instance i-02ae562ce960c53c2 \u003e 40",
            "alarm_name": "Memory-0-40",
            "arn": "arn:aws:cloudwatch:ap-south-1:357820945061:alarm:Memory-0-40",
            "comparison_operator": "GreaterThanThreshold",
            "datapoints_to_alarm": 0,
            "dimensions": {
              "ImageId": "Linux",
              "InstanceId": "i-02ae562ce960c53c2"
            },
            "evaluate_low_sample_count_percentiles": "",
            "evaluation_periods": 1,
            "extended_statistic": "",
            "id": "Memory-0-40",
            "insufficient_data_actions": [],
            "metric_name": "0",
            "metric_query": [],
            "namespace": "CWAgent",
            "ok_actions": [
              "arn:aws:sns:ap-south-1:980636705122:high-ram-cross-ac"
            ],
            "period": 300,
            "statistic": "Average",
            "tags": {},
            "tags_all": {},
            "threshold": 40,
            "threshold_metric_id": "",
            "treat_missing_data": "notBreaching",
            "unit": ""
          },
          "sensitive_attributes": [],
          "private": "eyJzY2hlbWFfdmVyc2lvbiI6IjEifQ==",
          "dependencies": [
            "data.aws_instance.selected",
            "data.aws_instances.selected"
          ]
        },
        {
          "index_key": "i-02ae562ce960c53c2-1",
          "schema_version": 1,
          "attributes": {
            "actions_enabled": true,
            "alarm_actions": [
              "arn:aws:sns:ap-south-1:980636705122:high-ram-cross-ac"
            ],
            "alarm_description": "Alarm for 1 on instance i-02ae562ce960c53c2 \u003e 80",
            "alarm_name": "Memory-1-80",
            "arn": "arn:aws:cloudwatch:ap-south-1:357820945061:alarm:Memory-1-80",
            "comparison_operator": "GreaterThanThreshold",
            "datapoints_to_alarm": 0,
            "dimensions": {
              "ImageId": "Linux",
              "InstanceId": "i-02ae562ce960c53c2"
            },
            "evaluate_low_sample_count_percentiles": "",
            "evaluation_periods": 1,
            "extended_statistic": "",
            "id": "Memory-1-80",
            "insufficient_data_actions": [],
            "metric_name": "1",
            "metric_query": [],
            "namespace": "CWAgent",
            "ok_actions": [
              "arn:aws:sns:ap-south-1:980636705122:high-ram-cross-ac"
            ],
            "period": 300,
            "statistic": "Average",
            "tags": {},
            "tags_all": {},
            "threshold": 80,
            "threshold_metric_id": "",
            "treat_missing_data": "notBreaching",
            "unit": ""
          },
          "sensitive_attributes": [],
          "private": "eyJzY2hlbWFfdmVyc2lvbiI6IjEifQ==",
          "dependencies": [
            "data.aws_instance.selected",
            "data.aws_instances.selected"
          ]
        },
        {
          "index_key": "i-02ae562ce960c53c2-2",
          "schema_version": 1,
          "attributes": {
            "actions_enabled": true,
            "alarm_actions": [
              "arn:aws:sns:ap-south-1:980636705122:high-ram-cross-ac"
            ],
            "alarm_description": "Alarm for 2 on instance i-02ae562ce960c53c2 \u003e 90",
            "alarm_name": "Memory-2-90",
            "arn": "arn:aws:cloudwatch:ap-south-1:357820945061:alarm:Memory-2-90",
            "comparison_operator": "GreaterThanThreshold",
            "datapoints_to_alarm": 0,
            "dimensions": {
              "ImageId": "Linux",
              "InstanceId": "i-02ae562ce960c53c2"
            },
            "evaluate_low_sample_count_percentiles": "",
            "evaluation_periods": 1,
            "extended_statistic": "",
            "id": "Memory-2-90",
            "insufficient_data_actions": [],
            "metric_name": "2",
            "metric_query": [],
            "namespace": "CWAgent",
            "ok_actions": [
              "arn:aws:sns:ap-south-1:980636705122:high-ram-cross-ac"
            ],
            "period": 300,
            "statistic": "Average",
            "tags": {},
            "tags_all": {},
            "threshold": 90,
            "threshold_metric_id": "",
            "treat_missing_data": "notBreaching",
            "unit": ""
          },
          "sensitive_attributes": [],
          "private": "eyJzY2hlbWFfdmVyc2lvbiI6IjEifQ==",
          "dependencies": [
            "data.aws_instance.selected",
            "data.aws_instances.selected"
          ]
        }
      ]
    },
    {
      "module": "module.memory_alarms[\"window1\"]",
      "mode": "managed",
      "type": "aws_cloudwatch_metric_alarm",
      "name": "memory_alarms",
      "provider": "provider[\"registry.terraform.io/hashicorp/aws\"]",
      "instances": [
        {
          "index_key": "i-03776b981af596d8a-0",
          "schema_version": 1,
          "attributes": {
            "actions_enabled": true,
            "alarm_actions": [
              "arn:aws:sns:ap-south-1:980636705122:high-ram-cross-ac"
            ],
            "alarm_description": "Alarm for 0 on instance i-03776b981af596d8a \u003e 40",
            "alarm_name": "Memory-0-40",
            "arn": "arn:aws:cloudwatch:ap-south-1:357820945061:alarm:Memory-0-40",
            "comparison_operator": "GreaterThanThreshold",
            "datapoints_to_alarm": 0,
            "dimensions": {
              "ImageId": "Linux",
              "InstanceId": "i-03776b981af596d8a"
            },
            "evaluate_low_sample_count_percentiles": "",
            "evaluation_periods": 1,
            "extended_statistic": "",
            "id": "Memory-0-40",
            "insufficient_data_actions": [],
            "metric_name": "0",
            "metric_query": [],
            "namespace": "CWAgent",
            "ok_actions": [
              "arn:aws:sns:ap-south-1:980636705122:high-ram-cross-ac"
            ],
            "period": 300,
            "statistic": "Average",
            "tags": {},
            "tags_all": {},
            "threshold": 40,
            "threshold_metric_id": "",
            "treat_missing_data": "notBreaching",
            "unit": ""
          },
          "sensitive_attributes": [],
          "private": "eyJzY2hlbWFfdmVyc2lvbiI6IjEifQ==",
          "dependencies": [
            "data.aws_instance.selected",
            "data.aws_instances.selected"
          ]
        },
        {
          "index_key": "i-03776b981af596d8a-1",
          "schema_version": 1,
          "attributes": {
            "actions_enabled": true,
            "alarm_actions": [
              "arn:aws:sns:ap-south-1:980636705122:high-ram-cross-ac"
            ],
            "alarm_description": "Alarm for 1 on instance i-03776b981af596d8a \u003e 80",
            "alarm_name": "Memory-1-80",
            "arn": "arn:aws:cloudwatch:ap-south-1:357820945061:alarm:Memory-1-80",
            "comparison_operator": "GreaterThanThreshold",
            "datapoints_to_alarm": 0,
            "dimensions": {
              "ImageId": "Linux",
              "InstanceId": "i-03776b981af596d8a"
            },
            "evaluate_low_sample_count_percentiles": "",
            "evaluation_periods": 1,
            "extended_statistic": "",
            "id": "Memory-1-80",
            "insufficient_data_actions": [],
            "metric_name": "1",
            "metric_query": [],
            "namespace": "CWAgent",
            "ok_actions": [
              "arn:aws:sns:ap-south-1:980636705122:high-ram-cross-ac"
            ],
            "period": 300,
            "statistic": "Average",
            "tags": {},
            "tags_all": {},
            "threshold": 80,
            "threshold_metric_id": "",
            "treat_missing_data": "notBreaching",
            "unit": ""
          },
          "sensitive_attributes": [],
          "private": "eyJzY2hlbWFfdmVyc2lvbiI6IjEifQ==",
          "dependencies": [
            "data.aws_instance.selected",
            "data.aws_instances.selected"
          ]
        },
        {
          "index_key": "i-03776b981af596d8a-2",
          "schema_version": 1,
          "attributes": {
            "actions_enabled": true,
            "alarm_actions": [
              "arn:aws:sns:ap-south-1:980636705122:high-ram-cross-ac"
            ],
            "alarm_description": "Alarm for 2 on instance i-03776b981af596d8a \u003e 90",
            "alarm_name": "Memory-2-90",
            "arn": "arn:aws:cloudwatch:ap-south-1:357820945061:alarm:Memory-2-90",
            "comparison_operator": "GreaterThanThreshold",
            "datapoints_to_alarm": 0,
            "dimensions": {
              "ImageId": "Linux",
              "InstanceId": "i-03776b981af596d8a"
            },
            "evaluate_low_sample_count_percentiles": "",
            "evaluation_periods": 1,
            "extended_statistic": "",
            "id": "Memory-2-90",
            "insufficient_data_actions": [],
            "metric_name": "2",
            "metric_query": [],
            "namespace": "CWAgent",
            "ok_actions": [
              "arn:aws:sns:ap-south-1:980636705122:high-ram-cross-ac"
            ],
            "period": 300,
            "statistic": "Average",
            "tags": {},
            "tags_all": {},
            "threshold": 90,
            "threshold_metric_id": "",
            "treat_missing_data": "notBreaching",
            "unit": ""
          },
          "sensitive_attributes": [],
          "private": "eyJzY2hlbWFfdmVyc2lvbiI6IjEifQ==",
          "dependencies": [
            "data.aws_instance.selected",
            "data.aws_instances.selected"
          ]
        }
      ]
    },
    {
      "module": "module.memory_alarms[\"window2\"]",
      "mode": "managed",
      "type": "aws_cloudwatch_metric_alarm",
      "name": "memory_alarms",
      "provider": "provider[\"registry.terraform.io/hashicorp/aws\"]",
      "instances": [
        {
          "index_key": "i-07d802946a1671188-0",
          "schema_version": 1,
          "attributes": {
            "actions_enabled": true,
            "alarm_actions": [
              "arn:aws:sns:ap-south-1:980636705122:high-ram-cross-ac"
            ],
            "alarm_description": "Alarm for 0 on instance i-07d802946a1671188 \u003e 40",
            "alarm_name": "Memory-0-40",
            "arn": "arn:aws:cloudwatch:ap-south-1:357820945061:alarm:Memory-0-40",
            "comparison_operator": "GreaterThanThreshold",
            "datapoints_to_alarm": 0,
            "dimensions": {
              "ImageId": "Linux",
              "InstanceId": "i-07d802946a1671188"
            },
            "evaluate_low_sample_count_percentiles": "",
            "evaluation_periods": 1,
            "extended_statistic": "",
            "id": "Memory-0-40",
            "insufficient_data_actions": [],
            "metric_name": "0",
            "metric_query": [],
            "namespace": "CWAgent",
            "ok_actions": [
              "arn:aws:sns:ap-south-1:980636705122:high-ram-cross-ac"
            ],
            "period": 300,
            "statistic": "Average",
            "tags": {},
            "tags_all": {},
            "threshold": 40,
            "threshold_metric_id": "",
            "treat_missing_data": "notBreaching",
            "unit": ""
          },
          "sensitive_attributes": [],
          "private": "eyJzY2hlbWFfdmVyc2lvbiI6IjEifQ==",
          "dependencies": [
            "data.aws_instance.selected",
            "data.aws_instances.selected"
          ]
        },
        {
          "index_key": "i-07d802946a1671188-1",
          "schema_version": 1,
          "attributes": {
            "actions_enabled": true,
            "alarm_actions": [
              "arn:aws:sns:ap-south-1:980636705122:high-ram-cross-ac"
            ],
            "alarm_description": "Alarm for 1 on instance i-07d802946a1671188 \u003e 80",
            "alarm_name": "Memory-1-80",
            "arn": "arn:aws:cloudwatch:ap-south-1:357820945061:alarm:Memory-1-80",
            "comparison_operator": "GreaterThanThreshold",
            "datapoints_to_alarm": 0,
            "dimensions": {
              "ImageId": "Linux",
              "InstanceId": "i-07d802946a1671188"
            },
            "evaluate_low_sample_count_percentiles": "",
            "evaluation_periods": 1,
            "extended_statistic": "",
            "id": "Memory-1-80",
            "insufficient_data_actions": [],
            "metric_name": "1",
            "metric_query": [],
            "namespace": "CWAgent",
            "ok_actions": [
              "arn:aws:sns:ap-south-1:980636705122:high-ram-cross-ac"
            ],
            "period": 300,
            "statistic": "Average",
            "tags": {},
            "tags_all": {},
            "threshold": 80,
            "threshold_metric_id": "",
            "treat_missing_data": "notBreaching",
            "unit": ""
          },
          "sensitive_attributes": [],
          "private": "eyJzY2hlbWFfdmVyc2lvbiI6IjEifQ==",
          "dependencies": [
            "data.aws_instance.selected",
            "data.aws_instances.selected"
          ]
        },
        {
          "index_key": "i-07d802946a1671188-2",
          "schema_version": 1,
          "attributes": {
            "actions_enabled": true,
            "alarm_actions": [
              "arn:aws:sns:ap-south-1:980636705122:high-ram-cross-ac"
            ],
            "alarm_description": "Alarm for 2 on instance i-07d802946a1671188 \u003e 90",
            "alarm_name": "Memory-2-90",
            "arn": "arn:aws:cloudwatch:ap-south-1:357820945061:alarm:Memory-2-90",
            "comparison_operator": "GreaterThanThreshold",
            "datapoints_to_alarm": 0,
            "dimensions": {
              "ImageId": "Linux",
              "InstanceId": "i-07d802946a1671188"
            },
            "evaluate_low_sample_count_percentiles": "",
            "evaluation_periods": 1,
            "extended_statistic": "",
            "id": "Memory-2-90",
            "insufficient_data_actions": [],
            "metric_name": "2",
            "metric_query": [],
            "namespace": "CWAgent",
            "ok_actions": [
              "arn:aws:sns:ap-south-1:980636705122:high-ram-cross-ac"
            ],
            "period": 300,
            "statistic": "Average",
            "tags": {},
            "tags_all": {},
            "threshold": 90,
            "threshold_metric_id": "",
            "treat_missing_data": "notBreaching",
            "unit": ""
          },
          "sensitive_attributes": [],
          "private": "eyJzY2hlbWFfdmVyc2lvbiI6IjEifQ==",
          "dependencies": [
            "data.aws_instance.selected",
            "data.aws_instances.selected"
          ]
        }
      ]
    }
  ],
  "check_results": null
}
