{
  "version": 4,
  "terraform_version": "1.10.3",
  "serial": 1138,
  "lineage": "01dcc97c-be32-a045-075b-a3c3687ba5bf",
  "outputs": {},
  "resources": [
    {
      "mode": "data",
      "type": "aws_db_instance",
      "name": "db_info",
      "provider": "provider[\"registry.terraform.io/hashicorp/aws\"]",
      "instances": [
        {
          "index_key": "database-1",
          "schema_version": 0,
          "attributes": {
            "address": "database-1.cbs8ga26240b.ap-south-1.rds.amazonaws.com",
            "allocated_storage": 20,
            "auto_minor_version_upgrade": true,
            "availability_zone": "ap-south-1b",
            "backup_retention_period": 7,
            "ca_cert_identifier": "rds-ca-rsa2048-g1",
            "database_insights_mode": "standard",
            "db_cluster_identifier": "",
            "db_instance_arn": "arn:aws:rds:ap-south-1:357820945061:db:database-1",
            "db_instance_class": "db.t4g.micro",
            "db_instance_identifier": "database-1",
            "db_instance_port": 0,
            "db_name": "",
            "db_parameter_groups": [
              "default.mysql8.0"
            ],
            "db_subnet_group": "default-vpc-0f9e3f6ffd9a75f40",
            "enabled_cloudwatch_logs_exports": [],
            "endpoint": "database-1.cbs8ga26240b.ap-south-1.rds.amazonaws.com:3306",
            "engine": "mysql",
            "engine_version": "8.0.41",
            "hosted_zone_id": "Z2VFMSZA74J7XZ",
            "id": "database-1",
            "iops": 0,
            "kms_key_id": "arn:aws:kms:ap-south-1:357820945061:key/a97531dd-8200-47dc-bff9-c132dc86517d",
            "license_model": "general-public-license",
            "master_user_secret": null,
            "master_username": "admin",
            "max_allocated_storage": 1000,
            "monitoring_interval": 0,
            "monitoring_role_arn": "arn:aws:iam::357820945061:role/rds-monitoring-role",
            "multi_az": false,
            "network_type": "IPV4",
            "option_group_memberships": [
              "default:mysql-8-0"
            ],
            "port": 3306,
            "preferred_backup_window": "17:25-17:55",
            "preferred_maintenance_window": "sat:09:55-sat:10:25",
            "publicly_accessible": false,
            "replicate_source_db": "",
            "resource_id": "db-FBFRO7HKMN7DFX4MZIEOXTDBAA",
            "storage_encrypted": true,
            "storage_throughput": 0,
            "storage_type": "gp2",
            "tags": {},
            "timezone": "",
            "vpc_security_groups": [
              "sg-0409f182cf7b1bb48"
            ]
          },
          "sensitive_attributes": []
        },
        {
          "index_key": "database-2",
          "schema_version": 0,
          "attributes": {
            "address": "database-2.cbs8ga26240b.ap-south-1.rds.amazonaws.com",
            "allocated_storage": 20,
            "auto_minor_version_upgrade": true,
            "availability_zone": "ap-south-1a",
            "backup_retention_period": 7,
            "ca_cert_identifier": "rds-ca-rsa2048-g1",
            "database_insights_mode": "standard",
            "db_cluster_identifier": "",
            "db_instance_arn": "arn:aws:rds:ap-south-1:357820945061:db:database-2",
            "db_instance_class": "db.t4g.micro",
            "db_instance_identifier": "database-2",
            "db_instance_port": 0,
            "db_name": "",
            "db_parameter_groups": [
              "default.mysql8.0"
            ],
            "db_subnet_group": "default-vpc-0f9e3f6ffd9a75f40",
            "enabled_cloudwatch_logs_exports": [],
            "endpoint": "database-2.cbs8ga26240b.ap-south-1.rds.amazonaws.com:3306",
            "engine": "mysql",
            "engine_version": "8.0.41",
            "hosted_zone_id": "Z2VFMSZA74J7XZ",
            "id": "database-2",
            "iops": 0,
            "kms_key_id": "arn:aws:kms:ap-south-1:357820945061:key/a97531dd-8200-47dc-bff9-c132dc86517d",
            "license_model": "general-public-license",
            "master_user_secret": null,
            "master_username": "admin",
            "max_allocated_storage": 1000,
            "monitoring_interval": 60,
            "monitoring_role_arn": "arn:aws:iam::357820945061:role/rds-monitoring-role",
            "multi_az": false,
            "network_type": "IPV4",
            "option_group_memberships": [
              "default:mysql-8-0"
            ],
            "port": 3306,
            "preferred_backup_window": "21:36-22:06",
            "preferred_maintenance_window": "tue:09:13-tue:09:43",
            "publicly_accessible": false,
            "replicate_source_db": "",
            "resource_id": "db-DGBE6NDUEUGHXPEQYLER4BERHY",
            "storage_encrypted": true,
            "storage_throughput": 0,
            "storage_type": "gp2",
            "tags": {},
            "timezone": "",
            "vpc_security_groups": [
              "sg-0409f182cf7b1bb48"
            ]
          },
          "sensitive_attributes": []
        },
        {
          "index_key": "database-latest",
          "schema_version": 0,
          "attributes": {
            "address": "database-latest.cbs8ga26240b.ap-south-1.rds.amazonaws.com",
            "allocated_storage": 20,
            "auto_minor_version_upgrade": true,
            "availability_zone": "ap-south-1c",
            "backup_retention_period": 1,
            "ca_cert_identifier": "rds-ca-rsa2048-g1",
            "database_insights_mode": "standard",
            "db_cluster_identifier": "",
            "db_instance_arn": "arn:aws:rds:ap-south-1:357820945061:db:database-latest",
            "db_instance_class": "db.t3.micro",
            "db_instance_identifier": "database-latest",
            "db_instance_port": 0,
            "db_name": "",
            "db_parameter_groups": [
              "default.mysql8.0"
            ],
            "db_subnet_group": "default-vpc-0f9e3f6ffd9a75f40",
            "enabled_cloudwatch_logs_exports": [],
            "endpoint": "database-latest.cbs8ga26240b.ap-south-1.rds.amazonaws.com:3306",
            "engine": "mysql",
            "engine_version": "8.0.41",
            "hosted_zone_id": "Z2VFMSZA74J7XZ",
            "id": "database-latest",
            "iops": 0,
            "kms_key_id": "arn:aws:kms:ap-south-1:357820945061:key/a97531dd-8200-47dc-bff9-c132dc86517d",
            "license_model": "general-public-license",
            "master_user_secret": null,
            "master_username": "admin",
            "max_allocated_storage": 1000,
            "monitoring_interval": 0,
            "monitoring_role_arn": "",
            "multi_az": false,
            "network_type": "IPV4",
            "option_group_memberships": [
              "default:mysql-8-0"
            ],
            "port": 3306,
            "preferred_backup_window": "22:19-22:49",
            "preferred_maintenance_window": "thu:11:07-thu:11:37",
            "publicly_accessible": true,
            "replicate_source_db": "",
            "resource_id": "db-6IIXM6AGUUSNA3IBNAKBNNBDAI",
            "storage_encrypted": true,
            "storage_throughput": 0,
            "storage_type": "gp2",
            "tags": {},
            "timezone": "",
            "vpc_security_groups": [
              "sg-0409f182cf7b1bb48"
            ]
          },
          "sensitive_attributes": []
        },
        {
          "index_key": "database-new",
          "schema_version": 0,
          "attributes": {
            "address": "database-new.cbs8ga26240b.ap-south-1.rds.amazonaws.com",
            "allocated_storage": 20,
            "auto_minor_version_upgrade": true,
            "availability_zone": "ap-south-1a",
            "backup_retention_period": 1,
            "ca_cert_identifier": "rds-ca-rsa2048-g1",
            "database_insights_mode": "standard",
            "db_cluster_identifier": "",
            "db_instance_arn": "arn:aws:rds:ap-south-1:357820945061:db:database-new",
            "db_instance_class": "db.t3.micro",
            "db_instance_identifier": "database-new",
            "db_instance_port": 0,
            "db_name": "",
            "db_parameter_groups": [
              "default.mysql8.0"
            ],
            "db_subnet_group": "default-vpc-0f9e3f6ffd9a75f40",
            "enabled_cloudwatch_logs_exports": [],
            "endpoint": "database-new.cbs8ga26240b.ap-south-1.rds.amazonaws.com:3306",
            "engine": "mysql",
            "engine_version": "8.0.41",
            "hosted_zone_id": "Z2VFMSZA74J7XZ",
            "id": "database-new",
            "iops": 0,
            "kms_key_id": "arn:aws:kms:ap-south-1:357820945061:key/a97531dd-8200-47dc-bff9-c132dc86517d",
            "license_model": "general-public-license",
            "master_user_secret": null,
            "master_username": "admin",
            "max_allocated_storage": 1000,
            "monitoring_interval": 0,
            "monitoring_role_arn": "",
            "multi_az": false,
            "network_type": "IPV4",
            "option_group_memberships": [
              "default:mysql-8-0"
            ],
            "port": 3306,
            "preferred_backup_window": "21:20-21:50",
            "preferred_maintenance_window": "wed:10:42-wed:11:12",
            "publicly_accessible": true,
            "replicate_source_db": "",
            "resource_id": "db-YU7W3PGIFPNWHLVVSD6XAIU5J4",
            "storage_encrypted": true,
            "storage_throughput": 0,
            "storage_type": "gp2",
            "tags": {},
            "timezone": "",
            "vpc_security_groups": [
              "sg-0409f182cf7b1bb48"
            ]
          },
          "sensitive_attributes": []
        }
      ]
    },
    {
      "mode": "managed",
      "type": "aws_cloudwatch_dashboard",
      "name": "rds_dashboard",
      "provider": "provider[\"registry.terraform.io/hashicorp/aws\"]",
      "instances": [
        {
          "schema_version": 0,
          "attributes": {
            "dashboard_arn": "arn:aws:cloudwatch::357820945061:dashboard/rds-monitoring-dashboard",
            "dashboard_body": "{\"widgets\":[{\"height\":6,\"properties\":{\"metrics\":[[\"AWS/RDS\",\"CPUUtilization\",\"DBInstanceIdentifier\",\"database-1\"],[\"...\",\"database-2\"],[\"...\",\"database-new\"],[\"...\",\"database-latest\"]],\"period\":300,\"region\":\"ap-south-1\",\"stacked\":false,\"stat\":\"Average\",\"title\":\"RDS CPU Utilization\",\"view\":\"timeSeries\"},\"type\":\"metric\",\"width\":24,\"x\":0,\"y\":0},{\"height\":6,\"properties\":{\"metrics\":[[\"AWS/RDS\",\"FreeableMemory\",\"DBInstanceIdentifier\",\"database-1\"],[\"...\",\"database-2\"],[\"...\",\"database-new\"],[\"...\",\"database-latest\"]],\"period\":300,\"region\":\"ap-south-1\",\"stacked\":false,\"stat\":\"Average\",\"title\":\"RDS Freeable Memory\",\"view\":\"timeSeries\"},\"type\":\"metric\",\"width\":24,\"x\":0,\"y\":6},{\"height\":6,\"properties\":{\"metrics\":[[\"AWS/RDS\",\"FreeStorageSpace\",\"DBInstanceIdentifier\",\"database-1\"],[\"...\",\"database-2\"],[\"...\",\"database-new\"],[\"...\",\"database-latest\"]],\"period\":300,\"region\":\"ap-south-1\",\"stacked\":false,\"stat\":\"Average\",\"title\":\"RDS Free Storage Space\",\"view\":\"timeSeries\"},\"type\":\"metric\",\"width\":24,\"x\":0,\"y\":12},{\"height\":6,\"properties\":{\"metrics\":[[\"AWS/RDS\",\"DatabaseConnections\",\"DBInstanceIdentifier\",\"database-1\"],[\"...\",\"database-2\"],[\"...\",\"database-new\"],[\"...\",\"database-latest\"]],\"period\":300,\"region\":\"ap-south-1\",\"stacked\":false,\"stat\":\"Average\",\"title\":\"RDS Database Connections\",\"view\":\"timeSeries\"},\"type\":\"metric\",\"width\":24,\"x\":0,\"y\":18}]}",
            "dashboard_name": "rds-monitoring-dashboard",
            "id": "rds-monitoring-dashboard"
          },
          "sensitive_attributes": [],
          "private": "bnVsbA=="
        }
      ]
    },
    {
      "module": "module.cpu_alarms",
      "mode": "managed",
      "type": "aws_cloudwatch_metric_alarm",
      "name": "cpu",
      "provider": "provider[\"registry.terraform.io/hashicorp/aws\"]",
      "instances": [
        {
          "index_key": "database-1",
          "schema_version": 1,
          "attributes": {
            "actions_enabled": true,
            "alarm_actions": [
              "arn:aws:sns:ap-south-1:980636705122:rds-cross-ac"
            ],
            "alarm_description": "RDS instance database-1 CPU usage too high",
            "alarm_name": "RDS-database-1-CPU-High",
            "arn": "arn:aws:cloudwatch:ap-south-1:357820945061:alarm:RDS-database-1-CPU-High",
            "comparison_operator": "GreaterThanThreshold",
            "datapoints_to_alarm": 0,
            "dimensions": {
              "DBInstanceIdentifier": "database-1"
            },
            "evaluate_low_sample_count_percentiles": "",
            "evaluation_periods": 1,
            "extended_statistic": "",
            "id": "RDS-database-1-CPU-High",
            "insufficient_data_actions": [],
            "metric_name": "CPUUtilization",
            "metric_query": [],
            "namespace": "AWS/RDS",
            "ok_actions": [],
            "period": 120,
            "statistic": "Average",
            "tags": {},
            "tags_all": {},
            "threshold": 40,
            "threshold_metric_id": "",
            "treat_missing_data": "notBreaching",
            "unit": ""
          },
          "sensitive_attributes": [],
          "private": "eyJzY2hlbWFfdmVyc2lvbiI6IjEifQ==",
          "dependencies": [
            "data.aws_db_instance.db_info"
          ]
        },
        {
          "index_key": "database-2",
          "schema_version": 1,
          "attributes": {
            "actions_enabled": true,
            "alarm_actions": [
              "arn:aws:sns:ap-south-1:980636705122:rds-cross-ac"
            ],
            "alarm_description": "RDS instance database-2 CPU usage too high",
            "alarm_name": "RDS-database-2-CPU-High",
            "arn": "arn:aws:cloudwatch:ap-south-1:357820945061:alarm:RDS-database-2-CPU-High",
            "comparison_operator": "GreaterThanThreshold",
            "datapoints_to_alarm": 0,
            "dimensions": {
              "DBInstanceIdentifier": "database-2"
            },
            "evaluate_low_sample_count_percentiles": "",
            "evaluation_periods": 1,
            "extended_statistic": "",
            "id": "RDS-database-2-CPU-High",
            "insufficient_data_actions": [],
            "metric_name": "CPUUtilization",
            "metric_query": [],
            "namespace": "AWS/RDS",
            "ok_actions": [],
            "period": 120,
            "statistic": "Average",
            "tags": {},
            "tags_all": {},
            "threshold": 40,
            "threshold_metric_id": "",
            "treat_missing_data": "notBreaching",
            "unit": ""
          },
          "sensitive_attributes": [],
          "private": "eyJzY2hlbWFfdmVyc2lvbiI6IjEifQ==",
          "dependencies": [
            "data.aws_db_instance.db_info"
          ]
        },
        {
          "index_key": "database-latest",
          "schema_version": 1,
          "attributes": {
            "actions_enabled": true,
            "alarm_actions": [
              "arn:aws:sns:ap-south-1:980636705122:rds-cross-ac"
            ],
            "alarm_description": "RDS instance database-latest CPU usage too high",
            "alarm_name": "RDS-database-latest-CPU-High",
            "arn": "arn:aws:cloudwatch:ap-south-1:357820945061:alarm:RDS-database-latest-CPU-High",
            "comparison_operator": "GreaterThanThreshold",
            "datapoints_to_alarm": 0,
            "dimensions": {
              "DBInstanceIdentifier": "database-latest"
            },
            "evaluate_low_sample_count_percentiles": "",
            "evaluation_periods": 1,
            "extended_statistic": "",
            "id": "RDS-database-latest-CPU-High",
            "insufficient_data_actions": [],
            "metric_name": "CPUUtilization",
            "metric_query": [],
            "namespace": "AWS/RDS",
            "ok_actions": [],
            "period": 120,
            "statistic": "Average",
            "tags": {},
            "tags_all": {},
            "threshold": 40,
            "threshold_metric_id": "",
            "treat_missing_data": "notBreaching",
            "unit": ""
          },
          "sensitive_attributes": [],
          "private": "eyJzY2hlbWFfdmVyc2lvbiI6IjEifQ==",
          "dependencies": [
            "data.aws_db_instance.db_info"
          ]
        },
        {
          "index_key": "database-new",
          "schema_version": 1,
          "attributes": {
            "actions_enabled": true,
            "alarm_actions": [
              "arn:aws:sns:ap-south-1:980636705122:rds-cross-ac"
            ],
            "alarm_description": "RDS instance database-new CPU usage too high",
            "alarm_name": "RDS-database-new-CPU-High",
            "arn": "arn:aws:cloudwatch:ap-south-1:357820945061:alarm:RDS-database-new-CPU-High",
            "comparison_operator": "GreaterThanThreshold",
            "datapoints_to_alarm": 0,
            "dimensions": {
              "DBInstanceIdentifier": "database-new"
            },
            "evaluate_low_sample_count_percentiles": "",
            "evaluation_periods": 1,
            "extended_statistic": "",
            "id": "RDS-database-new-CPU-High",
            "insufficient_data_actions": [],
            "metric_name": "CPUUtilization",
            "metric_query": [],
            "namespace": "AWS/RDS",
            "ok_actions": [],
            "period": 120,
            "statistic": "Average",
            "tags": {},
            "tags_all": {},
            "threshold": 40,
            "threshold_metric_id": "",
            "treat_missing_data": "notBreaching",
            "unit": ""
          },
          "sensitive_attributes": [],
          "private": "eyJzY2hlbWFfdmVyc2lvbiI6IjEifQ==",
          "dependencies": [
            "data.aws_db_instance.db_info"
          ]
        }
      ]
    },
    {
      "module": "module.db_connection_alarm",
      "mode": "managed",
      "type": "aws_cloudwatch_metric_alarm",
      "name": "db_connection_high",
      "provider": "provider[\"registry.terraform.io/hashicorp/aws\"]",
      "instances": [
        {
          "index_key": "database-1",
          "schema_version": 1,
          "attributes": {
            "actions_enabled": true,
            "alarm_actions": [
              "arn:aws:sns:ap-south-1:980636705122:rds-db-connection"
            ],
            "alarm_description": "Alarm when DB connections exceed threshold",
            "alarm_name": "RDS-database-1-DB-connect",
            "arn": "arn:aws:cloudwatch:ap-south-1:357820945061:alarm:RDS-database-1-DB-connect",
            "comparison_operator": "GreaterThanThreshold",
            "datapoints_to_alarm": 0,
            "dimensions": {
              "DBInstanceIdentifier": "database-1"
            },
            "evaluate_low_sample_count_percentiles": "",
            "evaluation_periods": 1,
            "extended_statistic": "",
            "id": "RDS-database-1-DB-connect",
            "insufficient_data_actions": [],
            "metric_name": "DatabaseConnections",
            "metric_query": [],
            "namespace": "AWS/RDS",
            "ok_actions": [],
            "period": 60,
            "statistic": "Average",
            "tags": {},
            "tags_all": {},
            "threshold": 1,
            "threshold_metric_id": "",
            "treat_missing_data": "notBreaching",
            "unit": ""
          },
          "sensitive_attributes": [],
          "private": "eyJzY2hlbWFfdmVyc2lvbiI6IjEifQ==",
          "dependencies": [
            "data.aws_db_instance.db_info"
          ]
        },
        {
          "index_key": "database-2",
          "schema_version": 1,
          "attributes": {
            "actions_enabled": true,
            "alarm_actions": [
              "arn:aws:sns:ap-south-1:980636705122:rds-db-connection"
            ],
            "alarm_description": "Alarm when DB connections exceed threshold",
            "alarm_name": "RDS-database-2-DB-connect",
            "arn": "arn:aws:cloudwatch:ap-south-1:357820945061:alarm:RDS-database-2-DB-connect",
            "comparison_operator": "GreaterThanThreshold",
            "datapoints_to_alarm": 0,
            "dimensions": {
              "DBInstanceIdentifier": "database-2"
            },
            "evaluate_low_sample_count_percentiles": "",
            "evaluation_periods": 1,
            "extended_statistic": "",
            "id": "RDS-database-2-DB-connect",
            "insufficient_data_actions": [],
            "metric_name": "DatabaseConnections",
            "metric_query": [],
            "namespace": "AWS/RDS",
            "ok_actions": [],
            "period": 60,
            "statistic": "Average",
            "tags": {},
            "tags_all": {},
            "threshold": 1,
            "threshold_metric_id": "",
            "treat_missing_data": "notBreaching",
            "unit": ""
          },
          "sensitive_attributes": [],
          "private": "eyJzY2hlbWFfdmVyc2lvbiI6IjEifQ==",
          "dependencies": [
            "data.aws_db_instance.db_info"
          ]
        },
        {
          "index_key": "database-latest",
          "schema_version": 1,
          "attributes": {
            "actions_enabled": true,
            "alarm_actions": [
              "arn:aws:sns:ap-south-1:980636705122:rds-db-connection"
            ],
            "alarm_description": "Alarm when DB connections exceed threshold",
            "alarm_name": "RDS-database-latest-DB-connect",
            "arn": "arn:aws:cloudwatch:ap-south-1:357820945061:alarm:RDS-database-latest-DB-connect",
            "comparison_operator": "GreaterThanThreshold",
            "datapoints_to_alarm": 0,
            "dimensions": {
              "DBInstanceIdentifier": "database-latest"
            },
            "evaluate_low_sample_count_percentiles": "",
            "evaluation_periods": 1,
            "extended_statistic": "",
            "id": "RDS-database-latest-DB-connect",
            "insufficient_data_actions": [],
            "metric_name": "DatabaseConnections",
            "metric_query": [],
            "namespace": "AWS/RDS",
            "ok_actions": [],
            "period": 60,
            "statistic": "Average",
            "tags": {},
            "tags_all": {},
            "threshold": 1,
            "threshold_metric_id": "",
            "treat_missing_data": "notBreaching",
            "unit": ""
          },
          "sensitive_attributes": [],
          "private": "eyJzY2hlbWFfdmVyc2lvbiI6IjEifQ==",
          "dependencies": [
            "data.aws_db_instance.db_info"
          ]
        },
        {
          "index_key": "database-new",
          "schema_version": 1,
          "attributes": {
            "actions_enabled": true,
            "alarm_actions": [
              "arn:aws:sns:ap-south-1:980636705122:rds-db-connection"
            ],
            "alarm_description": "Alarm when DB connections exceed threshold",
            "alarm_name": "RDS-database-new-DB-connect",
            "arn": "arn:aws:cloudwatch:ap-south-1:357820945061:alarm:RDS-database-new-DB-connect",
            "comparison_operator": "GreaterThanThreshold",
            "datapoints_to_alarm": 0,
            "dimensions": {
              "DBInstanceIdentifier": "database-new"
            },
            "evaluate_low_sample_count_percentiles": "",
            "evaluation_periods": 1,
            "extended_statistic": "",
            "id": "RDS-database-new-DB-connect",
            "insufficient_data_actions": [],
            "metric_name": "DatabaseConnections",
            "metric_query": [],
            "namespace": "AWS/RDS",
            "ok_actions": [],
            "period": 60,
            "statistic": "Average",
            "tags": {},
            "tags_all": {},
            "threshold": 1,
            "threshold_metric_id": "",
            "treat_missing_data": "notBreaching",
            "unit": ""
          },
          "sensitive_attributes": [],
          "private": "eyJzY2hlbWFfdmVyc2lvbiI6IjEifQ==",
          "dependencies": [
            "data.aws_db_instance.db_info"
          ]
        }
      ]
    },
    {
      "module": "module.memory_alarms",
      "mode": "managed",
      "type": "aws_cloudwatch_metric_alarm",
      "name": "memory",
      "provider": "provider[\"registry.terraform.io/hashicorp/aws\"]",
      "instances": [
        {
          "index_key": "database-1",
          "schema_version": 1,
          "attributes": {
            "actions_enabled": true,
            "alarm_actions": [
              "arn:aws:sns:ap-south-1:980636705122:rds-ram-cross-ac"
            ],
            "alarm_description": "RDS instance database-1 is low on Freeable Memory",
            "alarm_name": "RDS-database-1-Low-FreeableMemory",
            "arn": "arn:aws:cloudwatch:ap-south-1:357820945061:alarm:RDS-database-1-Low-FreeableMemory",
            "comparison_operator": "LessThanThreshold",
            "datapoints_to_alarm": 0,
            "dimensions": {
              "DBInstanceIdentifier": "database-1"
            },
            "evaluate_low_sample_count_percentiles": "",
            "evaluation_periods": 1,
            "extended_statistic": "",
            "id": "RDS-database-1-Low-FreeableMemory",
            "insufficient_data_actions": [],
            "metric_name": "FreeableMemory",
            "metric_query": [],
            "namespace": "AWS/RDS",
            "ok_actions": [],
            "period": 300,
            "statistic": "Average",
            "tags": {},
            "tags_all": {},
            "threshold": 30000000,
            "threshold_metric_id": "",
            "treat_missing_data": "notBreaching",
            "unit": ""
          },
          "sensitive_attributes": [],
          "private": "eyJzY2hlbWFfdmVyc2lvbiI6IjEifQ==",
          "dependencies": [
            "data.aws_db_instance.db_info"
          ]
        },
        {
          "index_key": "database-2",
          "schema_version": 1,
          "attributes": {
            "actions_enabled": true,
            "alarm_actions": [
              "arn:aws:sns:ap-south-1:980636705122:rds-ram-cross-ac"
            ],
            "alarm_description": "RDS instance database-2 is low on Freeable Memory",
            "alarm_name": "RDS-database-2-Low-FreeableMemory",
            "arn": "arn:aws:cloudwatch:ap-south-1:357820945061:alarm:RDS-database-2-Low-FreeableMemory",
            "comparison_operator": "LessThanThreshold",
            "datapoints_to_alarm": 0,
            "dimensions": {
              "DBInstanceIdentifier": "database-2"
            },
            "evaluate_low_sample_count_percentiles": "",
            "evaluation_periods": 1,
            "extended_statistic": "",
            "id": "RDS-database-2-Low-FreeableMemory",
            "insufficient_data_actions": [],
            "metric_name": "FreeableMemory",
            "metric_query": [],
            "namespace": "AWS/RDS",
            "ok_actions": [],
            "period": 300,
            "statistic": "Average",
            "tags": {},
            "tags_all": {},
            "threshold": 30000000,
            "threshold_metric_id": "",
            "treat_missing_data": "notBreaching",
            "unit": ""
          },
          "sensitive_attributes": [],
          "private": "eyJzY2hlbWFfdmVyc2lvbiI6IjEifQ==",
          "dependencies": [
            "data.aws_db_instance.db_info"
          ]
        },
        {
          "index_key": "database-latest",
          "schema_version": 1,
          "attributes": {
            "actions_enabled": true,
            "alarm_actions": [
              "arn:aws:sns:ap-south-1:980636705122:rds-ram-cross-ac"
            ],
            "alarm_description": "RDS instance database-latest is low on Freeable Memory",
            "alarm_name": "RDS-database-latest-Low-FreeableMemory",
            "arn": "arn:aws:cloudwatch:ap-south-1:357820945061:alarm:RDS-database-latest-Low-FreeableMemory",
            "comparison_operator": "LessThanThreshold",
            "datapoints_to_alarm": 0,
            "dimensions": {
              "DBInstanceIdentifier": "database-latest"
            },
            "evaluate_low_sample_count_percentiles": "",
            "evaluation_periods": 1,
            "extended_statistic": "",
            "id": "RDS-database-latest-Low-FreeableMemory",
            "insufficient_data_actions": [],
            "metric_name": "FreeableMemory",
            "metric_query": [],
            "namespace": "AWS/RDS",
            "ok_actions": [],
            "period": 300,
            "statistic": "Average",
            "tags": {},
            "tags_all": {},
            "threshold": 30000000,
            "threshold_metric_id": "",
            "treat_missing_data": "notBreaching",
            "unit": ""
          },
          "sensitive_attributes": [],
          "private": "eyJzY2hlbWFfdmVyc2lvbiI6IjEifQ==",
          "dependencies": [
            "data.aws_db_instance.db_info"
          ]
        },
        {
          "index_key": "database-new",
          "schema_version": 1,
          "attributes": {
            "actions_enabled": true,
            "alarm_actions": [
              "arn:aws:sns:ap-south-1:980636705122:rds-ram-cross-ac"
            ],
            "alarm_description": "RDS instance database-new is low on Freeable Memory",
            "alarm_name": "RDS-database-new-Low-FreeableMemory",
            "arn": "arn:aws:cloudwatch:ap-south-1:357820945061:alarm:RDS-database-new-Low-FreeableMemory",
            "comparison_operator": "LessThanThreshold",
            "datapoints_to_alarm": 0,
            "dimensions": {
              "DBInstanceIdentifier": "database-new"
            },
            "evaluate_low_sample_count_percentiles": "",
            "evaluation_periods": 1,
            "extended_statistic": "",
            "id": "RDS-database-new-Low-FreeableMemory",
            "insufficient_data_actions": [],
            "metric_name": "FreeableMemory",
            "metric_query": [],
            "namespace": "AWS/RDS",
            "ok_actions": [],
            "period": 300,
            "statistic": "Average",
            "tags": {},
            "tags_all": {},
            "threshold": 30000000,
            "threshold_metric_id": "",
            "treat_missing_data": "notBreaching",
            "unit": ""
          },
          "sensitive_attributes": [],
          "private": "eyJzY2hlbWFfdmVyc2lvbiI6IjEifQ==",
          "dependencies": [
            "data.aws_db_instance.db_info"
          ]
        }
      ]
    },
    {
      "module": "module.rds_event_rules",
      "mode": "managed",
      "type": "aws_cloudwatch_event_rule",
      "name": "rds_state_rule",
      "provider": "provider[\"registry.terraform.io/hashicorp/aws\"]",
      "instances": [
        {
          "index_key": "database-1-reboot",
          "schema_version": 1,
          "attributes": {
            "arn": "arn:aws:events:ap-south-1:357820945061:rule/database-1-reboot-rule",
            "description": "Rule for RDS reboot on instance database-1",
            "event_bus_name": "default",
            "event_pattern": "{\"detail\":{\"EventCategories\":[\"availability\"],\"SourceIdentifier\":[\"database-1\"]},\"detail-type\":[\"RDS DB Instance Event\"],\"source\":[\"aws.rds\"]}",
            "force_destroy": false,
            "id": "database-1-reboot-rule",
            "is_enabled": true,
            "name": "database-1-reboot-rule",
            "name_prefix": "",
            "role_arn": "",
            "schedule_expression": "",
            "state": "ENABLED",
            "tags": {},
            "tags_all": {}
          },
          "sensitive_attributes": [],
          "private": "eyJzY2hlbWFfdmVyc2lvbiI6IjEifQ==",
          "dependencies": [
            "data.aws_db_instance.db_info"
          ]
        },
        {
          "index_key": "database-1-stop",
          "schema_version": 1,
          "attributes": {
            "arn": "arn:aws:events:ap-south-1:357820945061:rule/database-1-stop-rule",
            "description": "Rule for RDS stop on instance database-1",
            "event_bus_name": "default",
            "event_pattern": "{\"detail\":{\"EventCategories\":[\"availability\"],\"SourceIdentifier\":[\"database-1\"]},\"detail-type\":[\"RDS DB Instance Event\"],\"source\":[\"aws.rds\"]}",
            "force_destroy": false,
            "id": "database-1-stop-rule",
            "is_enabled": true,
            "name": "database-1-stop-rule",
            "name_prefix": "",
            "role_arn": "",
            "schedule_expression": "",
            "state": "ENABLED",
            "tags": {},
            "tags_all": {}
          },
          "sensitive_attributes": [],
          "private": "eyJzY2hlbWFfdmVyc2lvbiI6IjEifQ==",
          "dependencies": [
            "data.aws_db_instance.db_info"
          ]
        },
        {
          "index_key": "database-1-terminate",
          "schema_version": 1,
          "attributes": {
            "arn": "arn:aws:events:ap-south-1:357820945061:rule/database-1-terminate-rule",
            "description": "Rule for RDS terminate on instance database-1",
            "event_bus_name": "default",
            "event_pattern": "{\"detail\":{\"EventCategories\":[\"availability\"],\"SourceIdentifier\":[\"database-1\"]},\"detail-type\":[\"RDS DB Instance Event\"],\"source\":[\"aws.rds\"]}",
            "force_destroy": false,
            "id": "database-1-terminate-rule",
            "is_enabled": true,
            "name": "database-1-terminate-rule",
            "name_prefix": "",
            "role_arn": "",
            "schedule_expression": "",
            "state": "ENABLED",
            "tags": {},
            "tags_all": {}
          },
          "sensitive_attributes": [],
          "private": "eyJzY2hlbWFfdmVyc2lvbiI6IjEifQ==",
          "dependencies": [
            "data.aws_db_instance.db_info"
          ]
        },
        {
          "index_key": "database-2-reboot",
          "schema_version": 1,
          "attributes": {
            "arn": "arn:aws:events:ap-south-1:357820945061:rule/database-2-reboot-rule",
            "description": "Rule for RDS reboot on instance database-2",
            "event_bus_name": "default",
            "event_pattern": "{\"detail\":{\"EventCategories\":[\"availability\"],\"SourceIdentifier\":[\"database-2\"]},\"detail-type\":[\"RDS DB Instance Event\"],\"source\":[\"aws.rds\"]}",
            "force_destroy": false,
            "id": "database-2-reboot-rule",
            "is_enabled": true,
            "name": "database-2-reboot-rule",
            "name_prefix": "",
            "role_arn": "",
            "schedule_expression": "",
            "state": "ENABLED",
            "tags": {},
            "tags_all": {}
          },
          "sensitive_attributes": [],
          "private": "eyJzY2hlbWFfdmVyc2lvbiI6IjEifQ==",
          "dependencies": [
            "data.aws_db_instance.db_info"
          ]
        },
        {
          "index_key": "database-2-stop",
          "schema_version": 1,
          "attributes": {
            "arn": "arn:aws:events:ap-south-1:357820945061:rule/database-2-stop-rule",
            "description": "Rule for RDS stop on instance database-2",
            "event_bus_name": "default",
            "event_pattern": "{\"detail\":{\"EventCategories\":[\"availability\"],\"SourceIdentifier\":[\"database-2\"]},\"detail-type\":[\"RDS DB Instance Event\"],\"source\":[\"aws.rds\"]}",
            "force_destroy": false,
            "id": "database-2-stop-rule",
            "is_enabled": true,
            "name": "database-2-stop-rule",
            "name_prefix": "",
            "role_arn": "",
            "schedule_expression": "",
            "state": "ENABLED",
            "tags": {},
            "tags_all": {}
          },
          "sensitive_attributes": [],
          "private": "eyJzY2hlbWFfdmVyc2lvbiI6IjEifQ==",
          "dependencies": [
            "data.aws_db_instance.db_info"
          ]
        },
        {
          "index_key": "database-2-terminate",
          "schema_version": 1,
          "attributes": {
            "arn": "arn:aws:events:ap-south-1:357820945061:rule/database-2-terminate-rule",
            "description": "Rule for RDS terminate on instance database-2",
            "event_bus_name": "default",
            "event_pattern": "{\"detail\":{\"EventCategories\":[\"availability\"],\"SourceIdentifier\":[\"database-2\"]},\"detail-type\":[\"RDS DB Instance Event\"],\"source\":[\"aws.rds\"]}",
            "force_destroy": false,
            "id": "database-2-terminate-rule",
            "is_enabled": true,
            "name": "database-2-terminate-rule",
            "name_prefix": "",
            "role_arn": "",
            "schedule_expression": "",
            "state": "ENABLED",
            "tags": {},
            "tags_all": {}
          },
          "sensitive_attributes": [],
          "private": "eyJzY2hlbWFfdmVyc2lvbiI6IjEifQ==",
          "dependencies": [
            "data.aws_db_instance.db_info"
          ]
        },
        {
          "index_key": "database-latest-reboot",
          "schema_version": 1,
          "attributes": {
            "arn": "arn:aws:events:ap-south-1:357820945061:rule/database-latest-reboot-rule",
            "description": "Rule for RDS reboot on instance database-latest",
            "event_bus_name": "default",
            "event_pattern": "{\"detail\":{\"EventCategories\":[\"availability\"],\"SourceIdentifier\":[\"database-latest\"]},\"detail-type\":[\"RDS DB Instance Event\"],\"source\":[\"aws.rds\"]}",
            "force_destroy": false,
            "id": "database-latest-reboot-rule",
            "is_enabled": true,
            "name": "database-latest-reboot-rule",
            "name_prefix": "",
            "role_arn": "",
            "schedule_expression": "",
            "state": "ENABLED",
            "tags": {},
            "tags_all": {}
          },
          "sensitive_attributes": [],
          "private": "eyJzY2hlbWFfdmVyc2lvbiI6IjEifQ==",
          "dependencies": [
            "data.aws_db_instance.db_info"
          ]
        },
        {
          "index_key": "database-latest-stop",
          "schema_version": 1,
          "attributes": {
            "arn": "arn:aws:events:ap-south-1:357820945061:rule/database-latest-stop-rule",
            "description": "Rule for RDS stop on instance database-latest",
            "event_bus_name": "default",
            "event_pattern": "{\"detail\":{\"EventCategories\":[\"availability\"],\"SourceIdentifier\":[\"database-latest\"]},\"detail-type\":[\"RDS DB Instance Event\"],\"source\":[\"aws.rds\"]}",
            "force_destroy": false,
            "id": "database-latest-stop-rule",
            "is_enabled": true,
            "name": "database-latest-stop-rule",
            "name_prefix": "",
            "role_arn": "",
            "schedule_expression": "",
            "state": "ENABLED",
            "tags": {},
            "tags_all": {}
          },
          "sensitive_attributes": [],
          "private": "eyJzY2hlbWFfdmVyc2lvbiI6IjEifQ==",
          "dependencies": [
            "data.aws_db_instance.db_info"
          ]
        },
        {
          "index_key": "database-latest-terminate",
          "schema_version": 1,
          "attributes": {
            "arn": "arn:aws:events:ap-south-1:357820945061:rule/database-latest-terminate-rule",
            "description": "Rule for RDS terminate on instance database-latest",
            "event_bus_name": "default",
            "event_pattern": "{\"detail\":{\"EventCategories\":[\"availability\"],\"SourceIdentifier\":[\"database-latest\"]},\"detail-type\":[\"RDS DB Instance Event\"],\"source\":[\"aws.rds\"]}",
            "force_destroy": false,
            "id": "database-latest-terminate-rule",
            "is_enabled": true,
            "name": "database-latest-terminate-rule",
            "name_prefix": "",
            "role_arn": "",
            "schedule_expression": "",
            "state": "ENABLED",
            "tags": {},
            "tags_all": {}
          },
          "sensitive_attributes": [],
          "private": "eyJzY2hlbWFfdmVyc2lvbiI6IjEifQ==",
          "dependencies": [
            "data.aws_db_instance.db_info"
          ]
        },
        {
          "index_key": "database-new-reboot",
          "schema_version": 1,
          "attributes": {
            "arn": "arn:aws:events:ap-south-1:357820945061:rule/database-new-reboot-rule",
            "description": "Rule for RDS reboot on instance database-new",
            "event_bus_name": "default",
            "event_pattern": "{\"detail\":{\"EventCategories\":[\"availability\"],\"SourceIdentifier\":[\"database-new\"]},\"detail-type\":[\"RDS DB Instance Event\"],\"source\":[\"aws.rds\"]}",
            "force_destroy": false,
            "id": "database-new-reboot-rule",
            "is_enabled": true,
            "name": "database-new-reboot-rule",
            "name_prefix": "",
            "role_arn": "",
            "schedule_expression": "",
            "state": "ENABLED",
            "tags": {},
            "tags_all": {}
          },
          "sensitive_attributes": [],
          "private": "eyJzY2hlbWFfdmVyc2lvbiI6IjEifQ==",
          "dependencies": [
            "data.aws_db_instance.db_info"
          ]
        },
        {
          "index_key": "database-new-stop",
          "schema_version": 1,
          "attributes": {
            "arn": "arn:aws:events:ap-south-1:357820945061:rule/database-new-stop-rule",
            "description": "Rule for RDS stop on instance database-new",
            "event_bus_name": "default",
            "event_pattern": "{\"detail\":{\"EventCategories\":[\"availability\"],\"SourceIdentifier\":[\"database-new\"]},\"detail-type\":[\"RDS DB Instance Event\"],\"source\":[\"aws.rds\"]}",
            "force_destroy": false,
            "id": "database-new-stop-rule",
            "is_enabled": true,
            "name": "database-new-stop-rule",
            "name_prefix": "",
            "role_arn": "",
            "schedule_expression": "",
            "state": "ENABLED",
            "tags": {},
            "tags_all": {}
          },
          "sensitive_attributes": [],
          "private": "eyJzY2hlbWFfdmVyc2lvbiI6IjEifQ==",
          "dependencies": [
            "data.aws_db_instance.db_info"
          ]
        },
        {
          "index_key": "database-new-terminate",
          "schema_version": 1,
          "attributes": {
            "arn": "arn:aws:events:ap-south-1:357820945061:rule/database-new-terminate-rule",
            "description": "Rule for RDS terminate on instance database-new",
            "event_bus_name": "default",
            "event_pattern": "{\"detail\":{\"EventCategories\":[\"availability\"],\"SourceIdentifier\":[\"database-new\"]},\"detail-type\":[\"RDS DB Instance Event\"],\"source\":[\"aws.rds\"]}",
            "force_destroy": false,
            "id": "database-new-terminate-rule",
            "is_enabled": true,
            "name": "database-new-terminate-rule",
            "name_prefix": "",
            "role_arn": "",
            "schedule_expression": "",
            "state": "ENABLED",
            "tags": {},
            "tags_all": {}
          },
          "sensitive_attributes": [],
          "private": "eyJzY2hlbWFfdmVyc2lvbiI6IjEifQ==",
          "dependencies": [
            "data.aws_db_instance.db_info"
          ]
        }
      ]
    },
    {
      "module": "module.rds_event_rules",
      "mode": "managed",
      "type": "aws_cloudwatch_event_target",
      "name": "rds_state_target",
      "provider": "provider[\"registry.terraform.io/hashicorp/aws\"]",
      "instances": [
        {
          "index_key": "database-1-reboot",
          "schema_version": 1,
          "attributes": {
            "appsync_target": [],
            "arn": "arn:aws:sns:ap-south-1:980636705122:rds-state-change",
            "batch_target": [],
            "dead_letter_config": [],
            "ecs_target": [],
            "event_bus_name": "default",
            "force_destroy": false,
            "http_target": [],
            "id": "database-1-reboot-rule-database-1-reboot-target",
            "input": "",
            "input_path": "",
            "input_transformer": [],
            "kinesis_target": [],
            "redshift_target": [],
            "retry_policy": [],
            "role_arn": "arn:aws:iam::357820945061:role/rds-eventbridge-to-sns-role",
            "rule": "database-1-reboot-rule",
            "run_command_targets": [],
            "sagemaker_pipeline_target": [],
            "sqs_target": [],
            "target_id": "database-1-reboot-target"
          },
          "sensitive_attributes": [],
          "private": "eyJzY2hlbWFfdmVyc2lvbiI6IjEifQ==",
          "dependencies": [
            "data.aws_db_instance.db_info",
            "module.rds_event_rules.aws_cloudwatch_event_rule.rds_state_rule",
            "module.rds_event_rules.aws_iam_role.eventbridge_to_sns"
          ]
        },
        {
          "index_key": "database-1-stop",
          "schema_version": 1,
          "attributes": {
            "appsync_target": [],
            "arn": "arn:aws:sns:ap-south-1:980636705122:rds-state-change",
            "batch_target": [],
            "dead_letter_config": [],
            "ecs_target": [],
            "event_bus_name": "default",
            "force_destroy": false,
            "http_target": [],
            "id": "database-1-stop-rule-database-1-stop-target",
            "input": "",
            "input_path": "",
            "input_transformer": [],
            "kinesis_target": [],
            "redshift_target": [],
            "retry_policy": [],
            "role_arn": "arn:aws:iam::357820945061:role/rds-eventbridge-to-sns-role",
            "rule": "database-1-stop-rule",
            "run_command_targets": [],
            "sagemaker_pipeline_target": [],
            "sqs_target": [],
            "target_id": "database-1-stop-target"
          },
          "sensitive_attributes": [],
          "private": "eyJzY2hlbWFfdmVyc2lvbiI6IjEifQ==",
          "dependencies": [
            "data.aws_db_instance.db_info",
            "module.rds_event_rules.aws_cloudwatch_event_rule.rds_state_rule",
            "module.rds_event_rules.aws_iam_role.eventbridge_to_sns"
          ]
        },
        {
          "index_key": "database-1-terminate",
          "schema_version": 1,
          "attributes": {
            "appsync_target": [],
            "arn": "arn:aws:sns:ap-south-1:980636705122:rds-state-change",
            "batch_target": [],
            "dead_letter_config": [],
            "ecs_target": [],
            "event_bus_name": "default",
            "force_destroy": false,
            "http_target": [],
            "id": "database-1-terminate-rule-database-1-terminate-target",
            "input": "",
            "input_path": "",
            "input_transformer": [],
            "kinesis_target": [],
            "redshift_target": [],
            "retry_policy": [],
            "role_arn": "arn:aws:iam::357820945061:role/rds-eventbridge-to-sns-role",
            "rule": "database-1-terminate-rule",
            "run_command_targets": [],
            "sagemaker_pipeline_target": [],
            "sqs_target": [],
            "target_id": "database-1-terminate-target"
          },
          "sensitive_attributes": [],
          "private": "eyJzY2hlbWFfdmVyc2lvbiI6IjEifQ==",
          "dependencies": [
            "data.aws_db_instance.db_info",
            "module.rds_event_rules.aws_cloudwatch_event_rule.rds_state_rule",
            "module.rds_event_rules.aws_iam_role.eventbridge_to_sns"
          ]
        },
        {
          "index_key": "database-2-reboot",
          "schema_version": 1,
          "attributes": {
            "appsync_target": [],
            "arn": "arn:aws:sns:ap-south-1:980636705122:rds-state-change",
            "batch_target": [],
            "dead_letter_config": [],
            "ecs_target": [],
            "event_bus_name": "default",
            "force_destroy": false,
            "http_target": [],
            "id": "database-2-reboot-rule-database-2-reboot-target",
            "input": "",
            "input_path": "",
            "input_transformer": [],
            "kinesis_target": [],
            "redshift_target": [],
            "retry_policy": [],
            "role_arn": "arn:aws:iam::357820945061:role/rds-eventbridge-to-sns-role",
            "rule": "database-2-reboot-rule",
            "run_command_targets": [],
            "sagemaker_pipeline_target": [],
            "sqs_target": [],
            "target_id": "database-2-reboot-target"
          },
          "sensitive_attributes": [],
          "private": "eyJzY2hlbWFfdmVyc2lvbiI6IjEifQ==",
          "dependencies": [
            "data.aws_db_instance.db_info",
            "module.rds_event_rules.aws_cloudwatch_event_rule.rds_state_rule",
            "module.rds_event_rules.aws_iam_role.eventbridge_to_sns"
          ]
        },
        {
          "index_key": "database-2-stop",
          "schema_version": 1,
          "attributes": {
            "appsync_target": [],
            "arn": "arn:aws:sns:ap-south-1:980636705122:rds-state-change",
            "batch_target": [],
            "dead_letter_config": [],
            "ecs_target": [],
            "event_bus_name": "default",
            "force_destroy": false,
            "http_target": [],
            "id": "database-2-stop-rule-database-2-stop-target",
            "input": "",
            "input_path": "",
            "input_transformer": [],
            "kinesis_target": [],
            "redshift_target": [],
            "retry_policy": [],
            "role_arn": "arn:aws:iam::357820945061:role/rds-eventbridge-to-sns-role",
            "rule": "database-2-stop-rule",
            "run_command_targets": [],
            "sagemaker_pipeline_target": [],
            "sqs_target": [],
            "target_id": "database-2-stop-target"
          },
          "sensitive_attributes": [],
          "private": "eyJzY2hlbWFfdmVyc2lvbiI6IjEifQ==",
          "dependencies": [
            "data.aws_db_instance.db_info",
            "module.rds_event_rules.aws_cloudwatch_event_rule.rds_state_rule",
            "module.rds_event_rules.aws_iam_role.eventbridge_to_sns"
          ]
        },
        {
          "index_key": "database-2-terminate",
          "schema_version": 1,
          "attributes": {
            "appsync_target": [],
            "arn": "arn:aws:sns:ap-south-1:980636705122:rds-state-change",
            "batch_target": [],
            "dead_letter_config": [],
            "ecs_target": [],
            "event_bus_name": "default",
            "force_destroy": false,
            "http_target": [],
            "id": "database-2-terminate-rule-database-2-terminate-target",
            "input": "",
            "input_path": "",
            "input_transformer": [],
            "kinesis_target": [],
            "redshift_target": [],
            "retry_policy": [],
            "role_arn": "arn:aws:iam::357820945061:role/rds-eventbridge-to-sns-role",
            "rule": "database-2-terminate-rule",
            "run_command_targets": [],
            "sagemaker_pipeline_target": [],
            "sqs_target": [],
            "target_id": "database-2-terminate-target"
          },
          "sensitive_attributes": [],
          "private": "eyJzY2hlbWFfdmVyc2lvbiI6IjEifQ==",
          "dependencies": [
            "data.aws_db_instance.db_info",
            "module.rds_event_rules.aws_cloudwatch_event_rule.rds_state_rule",
            "module.rds_event_rules.aws_iam_role.eventbridge_to_sns"
          ]
        },
        {
          "index_key": "database-latest-reboot",
          "schema_version": 1,
          "attributes": {
            "appsync_target": [],
            "arn": "arn:aws:sns:ap-south-1:980636705122:rds-state-change",
            "batch_target": [],
            "dead_letter_config": [],
            "ecs_target": [],
            "event_bus_name": "default",
            "force_destroy": false,
            "http_target": [],
            "id": "database-latest-reboot-rule-database-latest-reboot-target",
            "input": "",
            "input_path": "",
            "input_transformer": [],
            "kinesis_target": [],
            "redshift_target": [],
            "retry_policy": [],
            "role_arn": "arn:aws:iam::357820945061:role/rds-eventbridge-to-sns-role",
            "rule": "database-latest-reboot-rule",
            "run_command_targets": [],
            "sagemaker_pipeline_target": [],
            "sqs_target": [],
            "target_id": "database-latest-reboot-target"
          },
          "sensitive_attributes": [],
          "private": "eyJzY2hlbWFfdmVyc2lvbiI6IjEifQ==",
          "dependencies": [
            "data.aws_db_instance.db_info",
            "module.rds_event_rules.aws_cloudwatch_event_rule.rds_state_rule",
            "module.rds_event_rules.aws_iam_role.eventbridge_to_sns"
          ]
        },
        {
          "index_key": "database-latest-stop",
          "schema_version": 1,
          "attributes": {
            "appsync_target": [],
            "arn": "arn:aws:sns:ap-south-1:980636705122:rds-state-change",
            "batch_target": [],
            "dead_letter_config": [],
            "ecs_target": [],
            "event_bus_name": "default",
            "force_destroy": false,
            "http_target": [],
            "id": "database-latest-stop-rule-database-latest-stop-target",
            "input": "",
            "input_path": "",
            "input_transformer": [],
            "kinesis_target": [],
            "redshift_target": [],
            "retry_policy": [],
            "role_arn": "arn:aws:iam::357820945061:role/rds-eventbridge-to-sns-role",
            "rule": "database-latest-stop-rule",
            "run_command_targets": [],
            "sagemaker_pipeline_target": [],
            "sqs_target": [],
            "target_id": "database-latest-stop-target"
          },
          "sensitive_attributes": [],
          "private": "eyJzY2hlbWFfdmVyc2lvbiI6IjEifQ==",
          "dependencies": [
            "data.aws_db_instance.db_info",
            "module.rds_event_rules.aws_cloudwatch_event_rule.rds_state_rule",
            "module.rds_event_rules.aws_iam_role.eventbridge_to_sns"
          ]
        },
        {
          "index_key": "database-latest-terminate",
          "schema_version": 1,
          "attributes": {
            "appsync_target": [],
            "arn": "arn:aws:sns:ap-south-1:980636705122:rds-state-change",
            "batch_target": [],
            "dead_letter_config": [],
            "ecs_target": [],
            "event_bus_name": "default",
            "force_destroy": false,
            "http_target": [],
            "id": "database-latest-terminate-rule-database-latest-terminate-target",
            "input": "",
            "input_path": "",
            "input_transformer": [],
            "kinesis_target": [],
            "redshift_target": [],
            "retry_policy": [],
            "role_arn": "arn:aws:iam::357820945061:role/rds-eventbridge-to-sns-role",
            "rule": "database-latest-terminate-rule",
            "run_command_targets": [],
            "sagemaker_pipeline_target": [],
            "sqs_target": [],
            "target_id": "database-latest-terminate-target"
          },
          "sensitive_attributes": [],
          "private": "eyJzY2hlbWFfdmVyc2lvbiI6IjEifQ==",
          "dependencies": [
            "data.aws_db_instance.db_info",
            "module.rds_event_rules.aws_cloudwatch_event_rule.rds_state_rule",
            "module.rds_event_rules.aws_iam_role.eventbridge_to_sns"
          ]
        },
        {
          "index_key": "database-new-reboot",
          "schema_version": 1,
          "attributes": {
            "appsync_target": [],
            "arn": "arn:aws:sns:ap-south-1:980636705122:rds-state-change",
            "batch_target": [],
            "dead_letter_config": [],
            "ecs_target": [],
            "event_bus_name": "default",
            "force_destroy": false,
            "http_target": [],
            "id": "database-new-reboot-rule-database-new-reboot-target",
            "input": "",
            "input_path": "",
            "input_transformer": [],
            "kinesis_target": [],
            "redshift_target": [],
            "retry_policy": [],
            "role_arn": "arn:aws:iam::357820945061:role/rds-eventbridge-to-sns-role",
            "rule": "database-new-reboot-rule",
            "run_command_targets": [],
            "sagemaker_pipeline_target": [],
            "sqs_target": [],
            "target_id": "database-new-reboot-target"
          },
          "sensitive_attributes": [],
          "private": "eyJzY2hlbWFfdmVyc2lvbiI6IjEifQ==",
          "dependencies": [
            "data.aws_db_instance.db_info",
            "module.rds_event_rules.aws_cloudwatch_event_rule.rds_state_rule",
            "module.rds_event_rules.aws_iam_role.eventbridge_to_sns"
          ]
        },
        {
          "index_key": "database-new-stop",
          "schema_version": 1,
          "attributes": {
            "appsync_target": [],
            "arn": "arn:aws:sns:ap-south-1:980636705122:rds-state-change",
            "batch_target": [],
            "dead_letter_config": [],
            "ecs_target": [],
            "event_bus_name": "default",
            "force_destroy": false,
            "http_target": [],
            "id": "database-new-stop-rule-database-new-stop-target",
            "input": "",
            "input_path": "",
            "input_transformer": [],
            "kinesis_target": [],
            "redshift_target": [],
            "retry_policy": [],
            "role_arn": "arn:aws:iam::357820945061:role/rds-eventbridge-to-sns-role",
            "rule": "database-new-stop-rule",
            "run_command_targets": [],
            "sagemaker_pipeline_target": [],
            "sqs_target": [],
            "target_id": "database-new-stop-target"
          },
          "sensitive_attributes": [],
          "private": "eyJzY2hlbWFfdmVyc2lvbiI6IjEifQ==",
          "dependencies": [
            "data.aws_db_instance.db_info",
            "module.rds_event_rules.aws_cloudwatch_event_rule.rds_state_rule",
            "module.rds_event_rules.aws_iam_role.eventbridge_to_sns"
          ]
        },
        {
          "index_key": "database-new-terminate",
          "schema_version": 1,
          "attributes": {
            "appsync_target": [],
            "arn": "arn:aws:sns:ap-south-1:980636705122:rds-state-change",
            "batch_target": [],
            "dead_letter_config": [],
            "ecs_target": [],
            "event_bus_name": "default",
            "force_destroy": false,
            "http_target": [],
            "id": "database-new-terminate-rule-database-new-terminate-target",
            "input": "",
            "input_path": "",
            "input_transformer": [],
            "kinesis_target": [],
            "redshift_target": [],
            "retry_policy": [],
            "role_arn": "arn:aws:iam::357820945061:role/rds-eventbridge-to-sns-role",
            "rule": "database-new-terminate-rule",
            "run_command_targets": [],
            "sagemaker_pipeline_target": [],
            "sqs_target": [],
            "target_id": "database-new-terminate-target"
          },
          "sensitive_attributes": [],
          "private": "eyJzY2hlbWFfdmVyc2lvbiI6IjEifQ==",
          "dependencies": [
            "data.aws_db_instance.db_info",
            "module.rds_event_rules.aws_cloudwatch_event_rule.rds_state_rule",
            "module.rds_event_rules.aws_iam_role.eventbridge_to_sns"
          ]
        }
      ]
    },
    {
      "module": "module.rds_event_rules",
      "mode": "managed",
      "type": "aws_iam_role",
      "name": "eventbridge_to_sns",
      "provider": "provider[\"registry.terraform.io/hashicorp/aws\"]",
      "instances": [
        {
          "schema_version": 0,
          "attributes": {
            "arn": "arn:aws:iam::357820945061:role/rds-eventbridge-to-sns-role",
            "assume_role_policy": "{\"Statement\":[{\"Action\":\"sts:AssumeRole\",\"Effect\":\"Allow\",\"Principal\":{\"Service\":\"events.amazonaws.com\"}}],\"Version\":\"2012-10-17\"}",
            "create_date": "2025-05-22T12:44:39Z",
            "description": "",
            "force_detach_policies": false,
            "id": "rds-eventbridge-to-sns-role",
            "inline_policy": [
              {
                "name": "rds-eventbridge-to-sns-policy",
                "policy": "{\"Version\":\"2012-10-17\",\"Statement\":[{\"Action\":\"sns:Publish\",\"Effect\":\"Allow\",\"Resource\":\"arn:aws:sns:ap-south-1:980636705122:rds-state-change\"}]}"
              }
            ],
            "managed_policy_arns": [],
            "max_session_duration": 3600,
            "name": "rds-eventbridge-to-sns-role",
            "name_prefix": "",
            "path": "/",
            "permissions_boundary": "",
            "tags": {},
            "tags_all": {},
            "unique_id": "AROAVGT6KKKS4GTG3P7OL"
          },
          "sensitive_attributes": [],
          "private": "bnVsbA=="
        }
      ]
    },
    {
      "module": "module.rds_event_rules",
      "mode": "managed",
      "type": "aws_iam_role_policy",
      "name": "eventbridge_to_sns_policy",
      "provider": "provider[\"registry.terraform.io/hashicorp/aws\"]",
      "instances": [
        {
          "schema_version": 0,
          "attributes": {
            "id": "rds-eventbridge-to-sns-role:rds-eventbridge-to-sns-policy",
            "name": "rds-eventbridge-to-sns-policy",
            "name_prefix": "",
            "policy": "{\"Version\":\"2012-10-17\",\"Statement\":[{\"Action\":\"sns:Publish\",\"Effect\":\"Allow\",\"Resource\":\"arn:aws:sns:ap-south-1:980636705122:rds-state-change\"}]}",
            "role": "rds-eventbridge-to-sns-role"
          },
          "sensitive_attributes": [],
          "private": "bnVsbA==",
          "dependencies": [
            "module.rds_event_rules.aws_iam_role.eventbridge_to_sns"
          ]
        }
      ]
    },
    {
      "module": "module.storage_alarms",
      "mode": "managed",
      "type": "aws_cloudwatch_metric_alarm",
      "name": "disk",
      "provider": "provider[\"registry.terraform.io/hashicorp/aws\"]",
      "instances": [
        {
          "index_key": "database-1",
          "schema_version": 1,
          "attributes": {
            "actions_enabled": true,
            "alarm_actions": [
              "arn:aws:sns:ap-south-1:980636705122:rds-cross-ac"
            ],
            "alarm_description": "RDS instance database-1 has low disk space",
            "alarm_name": "RDS-database-1-Low-FreeStorage",
            "arn": "arn:aws:cloudwatch:ap-south-1:357820945061:alarm:RDS-database-1-Low-FreeStorage",
            "comparison_operator": "LessThanThreshold",
            "datapoints_to_alarm": 0,
            "dimensions": {
              "DBInstanceIdentifier": "database-1"
            },
            "evaluate_low_sample_count_percentiles": "",
            "evaluation_periods": 1,
            "extended_statistic": "",
            "id": "RDS-database-1-Low-FreeStorage",
            "insufficient_data_actions": [],
            "metric_name": "FreeStorageSpace",
            "metric_query": [],
            "namespace": "AWS/RDS",
            "ok_actions": [],
            "period": 120,
            "statistic": "Average",
            "tags": {},
            "tags_all": {},
            "threshold": 15000000000,
            "threshold_metric_id": "",
            "treat_missing_data": "notBreaching",
            "unit": ""
          },
          "sensitive_attributes": [],
          "private": "eyJzY2hlbWFfdmVyc2lvbiI6IjEifQ==",
          "dependencies": [
            "data.aws_db_instance.db_info"
          ]
        },
        {
          "index_key": "database-2",
          "schema_version": 1,
          "attributes": {
            "actions_enabled": true,
            "alarm_actions": [
              "arn:aws:sns:ap-south-1:980636705122:rds-cross-ac"
            ],
            "alarm_description": "RDS instance database-2 has low disk space",
            "alarm_name": "RDS-database-2-Low-FreeStorage",
            "arn": "arn:aws:cloudwatch:ap-south-1:357820945061:alarm:RDS-database-2-Low-FreeStorage",
            "comparison_operator": "LessThanThreshold",
            "datapoints_to_alarm": 0,
            "dimensions": {
              "DBInstanceIdentifier": "database-2"
            },
            "evaluate_low_sample_count_percentiles": "",
            "evaluation_periods": 1,
            "extended_statistic": "",
            "id": "RDS-database-2-Low-FreeStorage",
            "insufficient_data_actions": [],
            "metric_name": "FreeStorageSpace",
            "metric_query": [],
            "namespace": "AWS/RDS",
            "ok_actions": [],
            "period": 120,
            "statistic": "Average",
            "tags": {},
            "tags_all": {},
            "threshold": 15000000000,
            "threshold_metric_id": "",
            "treat_missing_data": "notBreaching",
            "unit": ""
          },
          "sensitive_attributes": [],
          "private": "eyJzY2hlbWFfdmVyc2lvbiI6IjEifQ==",
          "dependencies": [
            "data.aws_db_instance.db_info"
          ]
        },
        {
          "index_key": "database-latest",
          "schema_version": 1,
          "attributes": {
            "actions_enabled": true,
            "alarm_actions": [
              "arn:aws:sns:ap-south-1:980636705122:rds-cross-ac"
            ],
            "alarm_description": "RDS instance database-latest has low disk space",
            "alarm_name": "RDS-database-latest-Low-FreeStorage",
            "arn": "arn:aws:cloudwatch:ap-south-1:357820945061:alarm:RDS-database-latest-Low-FreeStorage",
            "comparison_operator": "LessThanThreshold",
            "datapoints_to_alarm": 0,
            "dimensions": {
              "DBInstanceIdentifier": "database-latest"
            },
            "evaluate_low_sample_count_percentiles": "",
            "evaluation_periods": 1,
            "extended_statistic": "",
            "id": "RDS-database-latest-Low-FreeStorage",
            "insufficient_data_actions": [],
            "metric_name": "FreeStorageSpace",
            "metric_query": [],
            "namespace": "AWS/RDS",
            "ok_actions": [],
            "period": 120,
            "statistic": "Average",
            "tags": {},
            "tags_all": {},
            "threshold": 15000000000,
            "threshold_metric_id": "",
            "treat_missing_data": "notBreaching",
            "unit": ""
          },
          "sensitive_attributes": [],
          "private": "eyJzY2hlbWFfdmVyc2lvbiI6IjEifQ==",
          "dependencies": [
            "data.aws_db_instance.db_info"
          ]
        },
        {
          "index_key": "database-new",
          "schema_version": 1,
          "attributes": {
            "actions_enabled": true,
            "alarm_actions": [
              "arn:aws:sns:ap-south-1:980636705122:rds-cross-ac"
            ],
            "alarm_description": "RDS instance database-new has low disk space",
            "alarm_name": "RDS-database-new-Low-FreeStorage",
            "arn": "arn:aws:cloudwatch:ap-south-1:357820945061:alarm:RDS-database-new-Low-FreeStorage",
            "comparison_operator": "LessThanThreshold",
            "datapoints_to_alarm": 0,
            "dimensions": {
              "DBInstanceIdentifier": "database-new"
            },
            "evaluate_low_sample_count_percentiles": "",
            "evaluation_periods": 1,
            "extended_statistic": "",
            "id": "RDS-database-new-Low-FreeStorage",
            "insufficient_data_actions": [],
            "metric_name": "FreeStorageSpace",
            "metric_query": [],
            "namespace": "AWS/RDS",
            "ok_actions": [],
            "period": 120,
            "statistic": "Average",
            "tags": {},
            "tags_all": {},
            "threshold": 15000000000,
            "threshold_metric_id": "",
            "treat_missing_data": "notBreaching",
            "unit": ""
          },
          "sensitive_attributes": [],
          "private": "eyJzY2hlbWFfdmVyc2lvbiI6IjEifQ==",
          "dependencies": [
            "data.aws_db_instance.db_info"
          ]
        }
      ]
    }
  ],
  "check_results": null
}
